{
  "version": 4,
  "terraform_version": "1.4.2",
  "serial": 93,
  "lineage": "dbf54e78-53cb-7c71-7957-7bad14185ae3",
  "outputs": {
    "inline": {
      "value": "\n----------------------------------\nBHSF Web Portal\n----------------------------------\n\nenvironment : prod\nDOMAIN NAME : d2jlgnl09ismtd.cloudfront.net\n\n",
      "type": "string"
    }
  },
  "resources": [
    {
      "module": "module.CLOUDFRONT_CACHUTACOS",
      "mode": "data",
      "type": "aws_cloudfront_cache_policy",
      "name": "caching-optimized",
      "provider": "provider[\"registry.terraform.io/hashicorp/aws\"]",
      "instances": [
        {
          "schema_version": 0,
          "attributes": {
            "comment": "Policy with caching disabled",
            "default_ttl": 0,
            "etag": "E23ZP02F085DFQ",
            "id": "4135ea2d-6df8-44a3-9df3-4b5a84be39ad",
            "max_ttl": 0,
            "min_ttl": 0,
            "name": "Managed-CachingDisabled",
            "parameters_in_cache_key_and_forwarded_to_origin": [
              {
                "cookies_config": [
                  {
                    "cookie_behavior": "none",
                    "cookies": []
                  }
                ],
                "enable_accept_encoding_brotli": false,
                "enable_accept_encoding_gzip": false,
                "headers_config": [
                  {
                    "header_behavior": "none",
                    "headers": []
                  }
                ],
                "query_strings_config": [
                  {
                    "query_string_behavior": "none",
                    "query_strings": []
                  }
                ]
              }
            ]
          },
          "sensitive_attributes": []
        }
      ]
    },
    {
      "module": "module.CLOUDFRONT_CACHUTACOS",
      "mode": "data",
      "type": "aws_iam_policy_document",
      "name": "s3_policy",
      "provider": "provider[\"registry.terraform.io/hashicorp/aws\"]",
      "instances": [
        {
          "schema_version": 0,
          "attributes": {
            "id": "2070786976",
            "json": "{\n  \"Version\": \"2012-10-17\",\n  \"Statement\": [\n    {\n      \"Sid\": \"\",\n      \"Effect\": \"Allow\",\n      \"Action\": \"s3:GetObject\",\n      \"Resource\": \"arn:aws:s3:::lmk-cachutacos-prod/*\",\n      \"Principal\": {\n        \"AWS\": \"arn:aws:iam::cloudfront:user/CloudFront Origin Access Identity E3IKQ40R2MP8I5\"\n      }\n    }\n  ]\n}",
            "override_json": null,
            "override_policy_documents": null,
            "policy_id": null,
            "source_json": null,
            "source_policy_documents": null,
            "statement": [
              {
                "actions": [
                  "s3:GetObject"
                ],
                "condition": [],
                "effect": "Allow",
                "not_actions": [],
                "not_principals": [],
                "not_resources": [],
                "principals": [
                  {
                    "identifiers": [
                      "arn:aws:iam::cloudfront:user/CloudFront Origin Access Identity E3IKQ40R2MP8I5"
                    ],
                    "type": "AWS"
                  }
                ],
                "resources": [
                  "arn:aws:s3:::lmk-cachutacos-prod/*"
                ],
                "sid": ""
              }
            ],
            "version": "2012-10-17"
          },
          "sensitive_attributes": []
        }
      ]
    },
    {
      "module": "module.CLOUDFRONT_CACHUTACOS",
      "mode": "data",
      "type": "aws_iam_policy_document",
      "name": "s3_policy-failover",
      "provider": "provider[\"registry.terraform.io/hashicorp/aws\"]",
      "instances": [
        {
          "schema_version": 0,
          "attributes": {
            "id": "1365871694",
            "json": "{\n  \"Version\": \"2012-10-17\",\n  \"Statement\": [\n    {\n      \"Sid\": \"\",\n      \"Effect\": \"Allow\",\n      \"Action\": \"s3:GetObject\",\n      \"Resource\": \"arn:aws:s3:::cachutacos-failover-prod/*\",\n      \"Principal\": {\n        \"AWS\": \"arn:aws:iam::cloudfront:user/CloudFront Origin Access Identity E1UNCN4K2V60KK\"\n      }\n    }\n  ]\n}",
            "override_json": null,
            "override_policy_documents": null,
            "policy_id": null,
            "source_json": null,
            "source_policy_documents": null,
            "statement": [
              {
                "actions": [
                  "s3:GetObject"
                ],
                "condition": [],
                "effect": "Allow",
                "not_actions": [],
                "not_principals": [],
                "not_resources": [],
                "principals": [
                  {
                    "identifiers": [
                      "arn:aws:iam::cloudfront:user/CloudFront Origin Access Identity E1UNCN4K2V60KK"
                    ],
                    "type": "AWS"
                  }
                ],
                "resources": [
                  "arn:aws:s3:::cachutacos-failover-prod/*"
                ],
                "sid": ""
              }
            ],
            "version": "2012-10-17"
          },
          "sensitive_attributes": []
        }
      ]
    },
    {
      "module": "module.CLOUDFRONT_CACHUTACOS",
      "mode": "managed",
      "type": "aws_cloudfront_distribution",
      "name": "s3_distribution",
      "provider": "provider[\"registry.terraform.io/hashicorp/aws\"]",
      "instances": [
        {
          "schema_version": 1,
          "attributes": {
            "aliases": [
              "cachutacos.lmeknow.com"
            ],
            "arn": "arn:aws:cloudfront::084165404291:distribution/E3NKK2J8ZPX9UJ",
            "caller_reference": "terraform-20230516043525763500000001",
            "comment": "cachutacos-prod",
            "custom_error_response": [
              {
                "error_caching_min_ttl": 10,
                "error_code": 403,
                "response_code": 200,
                "response_page_path": "/index.html"
              },
              {
                "error_caching_min_ttl": 10,
                "error_code": 404,
                "response_code": 200,
                "response_page_path": "/index.html"
              }
            ],
            "default_cache_behavior": [
              {
                "allowed_methods": [
                  "GET",
                  "HEAD",
                  "OPTIONS"
                ],
                "cache_policy_id": "",
                "cached_methods": [
                  "GET",
                  "HEAD"
                ],
                "compress": false,
                "default_ttl": 0,
                "field_level_encryption_id": "",
                "forwarded_values": [
                  {
                    "cookies": [
                      {
                        "forward": "none",
                        "whitelisted_names": []
                      }
                    ],
                    "headers": [],
                    "query_string": false,
                    "query_string_cache_keys": []
                  }
                ],
                "function_association": [],
                "lambda_function_association": [],
                "max_ttl": 0,
                "min_ttl": 0,
                "origin_request_policy_id": "",
                "realtime_log_config_arn": "",
                "response_headers_policy_id": "00185d10-c030-4a46-a826-a87ee6027b8e",
                "smooth_streaming": false,
                "target_origin_id": "lmk-cachutacos-prod",
                "trusted_key_groups": [],
                "trusted_signers": [],
                "viewer_protocol_policy": "redirect-to-https"
              }
            ],
            "default_root_object": "index.html",
            "domain_name": "d1gnpoau8tgd5s.cloudfront.net",
            "enabled": true,
            "etag": "E21NDMPRMPH0RH",
            "hosted_zone_id": "Z2FDTNDATAQYW2",
            "http_version": "http2",
            "id": "E3NKK2J8ZPX9UJ",
            "in_progress_validation_batches": 0,
            "is_ipv6_enabled": true,
            "last_modified_time": "2023-05-16 04:35:26.352 +0000 UTC",
            "logging_config": [],
            "ordered_cache_behavior": [],
            "origin": [
              {
                "connection_attempts": 3,
                "connection_timeout": 10,
                "custom_header": [],
                "custom_origin_config": [],
                "domain_name": "lmk-cachutacos-prod.s3.us-west-2.amazonaws.com",
                "origin_access_control_id": "",
                "origin_id": "lmk-cachutacos-prod",
                "origin_path": "",
                "origin_shield": [],
                "s3_origin_config": [
                  {
                    "origin_access_identity": "origin-access-identity/cloudfront/E3IKQ40R2MP8I5"
                  }
                ]
              }
            ],
            "origin_group": [],
            "price_class": "PriceClass_100",
            "restrictions": [
              {
                "geo_restriction": [
                  {
                    "locations": [],
                    "restriction_type": "none"
                  }
                ]
              }
            ],
            "retain_on_delete": false,
            "status": "Deployed",
            "tags": {},
            "tags_all": {
              "application-name": "neo-terraform-ecs"
            },
            "trusted_key_groups": [
              {
                "enabled": false,
                "items": []
              }
            ],
            "trusted_signers": [
              {
                "enabled": false,
                "items": []
              }
            ],
            "viewer_certificate": [
              {
                "acm_certificate_arn": "arn:aws:acm:us-east-1:084165404291:certificate/9e0dfea9-e246-4871-9e2b-f5054ffc3ade",
                "cloudfront_default_certificate": false,
                "iam_certificate_id": "",
                "minimum_protocol_version": "TLSv1",
                "ssl_support_method": "sni-only"
              }
            ],
            "wait_for_deployment": true,
            "web_acl_id": ""
          },
          "sensitive_attributes": [],
          "private": "eyJzY2hlbWFfdmVyc2lvbiI6IjEifQ==",
          "dependencies": [
            "module.CLOUDFRONT_CACHUTACOS.aws_cloudfront_origin_access_identity.origin_access_identity",
            "module.CLOUDFRONT_CACHUTACOS.aws_cloudfront_response_headers_policy.security_headers_policy",
            "module.CLOUDFRONT_CACHUTACOS.aws_s3_bucket.web-bucket"
          ]
        }
      ]
    },
    {
      "module": "module.CLOUDFRONT_CACHUTACOS",
      "mode": "managed",
      "type": "aws_cloudfront_origin_access_identity",
      "name": "origin_access_identity",
      "provider": "provider[\"registry.terraform.io/hashicorp/aws\"]",
      "instances": [
        {
          "schema_version": 0,
          "attributes": {
            "caller_reference": "terraform-20230515233138379500000001",
            "cloudfront_access_identity_path": "origin-access-identity/cloudfront/E3IKQ40R2MP8I5",
            "comment": "access-identity-lmk-cachutacos-prod.s3.us-west-2.amazonaws.com",
            "etag": "E3R0HKYJCDG8PN",
            "iam_arn": "arn:aws:iam::cloudfront:user/CloudFront Origin Access Identity E3IKQ40R2MP8I5",
            "id": "E3IKQ40R2MP8I5",
            "s3_canonical_user_id": "71284afd3a3ba3d12d906cac28761a7ebec35519cec00e4101ccf62a6ea871454b19500e160b788f86981951ed68f3aa"
          },
          "sensitive_attributes": [],
          "private": "bnVsbA==",
          "dependencies": [
            "module.CLOUDFRONT_CACHUTACOS.aws_s3_bucket.web-bucket"
          ]
        }
      ]
    },
    {
      "module": "module.CLOUDFRONT_CACHUTACOS",
      "mode": "managed",
      "type": "aws_cloudfront_origin_access_identity",
      "name": "origin_access_identity-failover",
      "provider": "provider[\"registry.terraform.io/hashicorp/aws\"]",
      "instances": [
        {
          "schema_version": 0,
          "attributes": {
            "caller_reference": "terraform-20230515233138900900000002",
            "cloudfront_access_identity_path": "origin-access-identity/cloudfront/E1UNCN4K2V60KK",
            "comment": "access-identity-cachutacos-failover-prod.s3.us-west-2.amazonaws.com",
            "etag": "ECX5CKXTS43VS",
            "iam_arn": "arn:aws:iam::cloudfront:user/CloudFront Origin Access Identity E1UNCN4K2V60KK",
            "id": "E1UNCN4K2V60KK",
            "s3_canonical_user_id": "7c504d0012a25a3a1e3de62ae957949fc0c08b95a35baf10b639b05b6953d23c4c6ae756be1f85e58a7eac0da740a28e"
          },
          "sensitive_attributes": [],
          "private": "bnVsbA==",
          "dependencies": [
            "module.CLOUDFRONT_CACHUTACOS.aws_s3_bucket.web-portal-failover"
          ]
        }
      ]
    },
    {
      "module": "module.CLOUDFRONT_CACHUTACOS",
      "mode": "managed",
      "type": "aws_cloudfront_response_headers_policy",
      "name": "security_headers_policy",
      "provider": "provider[\"registry.terraform.io/hashicorp/aws\"]",
      "instances": [
        {
          "schema_version": 0,
          "attributes": {
            "comment": "Adds HSTS headers",
            "cors_config": [],
            "custom_headers_config": [],
            "etag": "E23ZP02F085DFQ",
            "id": "00185d10-c030-4a46-a826-a87ee6027b8e",
            "name": "lmk-cachutacos-headers-policy",
            "remove_headers_config": [],
            "security_headers_config": [
              {
                "content_security_policy": [],
                "content_type_options": [],
                "frame_options": [],
                "referrer_policy": [],
                "strict_transport_security": [
                  {
                    "access_control_max_age_sec": 5,
                    "include_subdomains": true,
                    "override": true,
                    "preload": true
                  }
                ],
                "xss_protection": []
              }
            ],
            "server_timing_headers_config": []
          },
          "sensitive_attributes": [],
          "private": "bnVsbA=="
        }
      ]
    },
    {
      "module": "module.CLOUDFRONT_CACHUTACOS",
      "mode": "managed",
      "type": "aws_s3_bucket",
      "name": "web-bucket",
      "provider": "provider[\"registry.terraform.io/hashicorp/aws\"]",
      "instances": [
        {
          "schema_version": 0,
          "attributes": {
            "acceleration_status": "",
            "acl": null,
            "arn": "arn:aws:s3:::lmk-cachutacos-prod",
            "bucket": "lmk-cachutacos-prod",
            "bucket_domain_name": "lmk-cachutacos-prod.s3.amazonaws.com",
            "bucket_prefix": "",
            "bucket_regional_domain_name": "lmk-cachutacos-prod.s3.us-west-2.amazonaws.com",
            "cors_rule": [],
            "force_destroy": false,
            "grant": [
              {
                "id": "11de40991e4931d662c40f7ca889d48497e16835ff1147eda79a6ee27920de36",
                "permissions": [
                  "FULL_CONTROL"
                ],
                "type": "CanonicalUser",
                "uri": ""
              }
            ],
            "hosted_zone_id": "Z3BJ6K6RIION7M",
            "id": "lmk-cachutacos-prod",
            "lifecycle_rule": [],
            "logging": [],
            "object_lock_configuration": [],
            "object_lock_enabled": false,
            "policy": "{\"Statement\":[{\"Action\":\"s3:GetObject\",\"Effect\":\"Allow\",\"Principal\":{\"AWS\":\"arn:aws:iam::cloudfront:user/CloudFront Origin Access Identity E3IKQ40R2MP8I5\"},\"Resource\":\"arn:aws:s3:::lmk-cachutacos-prod/*\",\"Sid\":\"\"}],\"Version\":\"2012-10-17\"}",
            "region": "us-west-2",
            "replication_configuration": [],
            "request_payer": "BucketOwner",
            "server_side_encryption_configuration": [
              {
                "rule": [
                  {
                    "apply_server_side_encryption_by_default": [
                      {
                        "kms_master_key_id": "",
                        "sse_algorithm": "AES256"
                      }
                    ],
                    "bucket_key_enabled": false
                  }
                ]
              }
            ],
            "tags": {},
            "tags_all": {
              "application-name": "neo-terraform-ecs"
            },
            "timeouts": null,
            "versioning": [
              {
                "enabled": false,
                "mfa_delete": false
              }
            ],
            "website": [
              {
                "error_document": "index.html",
                "index_document": "index.html",
                "redirect_all_requests_to": "",
                "routing_rules": ""
              }
            ],
            "website_domain": "s3-website-us-west-2.amazonaws.com",
            "website_endpoint": "lmk-cachutacos-prod.s3-website-us-west-2.amazonaws.com"
          },
          "sensitive_attributes": [],
          "private": "eyJlMmJmYjczMC1lY2FhLTExZTYtOGY4OC0zNDM2M2JjN2M0YzAiOnsiY3JlYXRlIjoxMjAwMDAwMDAwMDAwLCJkZWxldGUiOjM2MDAwMDAwMDAwMDAsInJlYWQiOjEyMDAwMDAwMDAwMDAsInVwZGF0ZSI6MTIwMDAwMDAwMDAwMH19"
        }
      ]
    },
    {
      "module": "module.CLOUDFRONT_CACHUTACOS",
      "mode": "managed",
      "type": "aws_s3_bucket",
      "name": "web-portal-failover",
      "provider": "provider[\"registry.terraform.io/hashicorp/aws\"]",
      "instances": [
        {
          "schema_version": 0,
          "attributes": {
            "acceleration_status": "",
            "acl": null,
            "arn": "arn:aws:s3:::cachutacos-failover-prod",
            "bucket": "cachutacos-failover-prod",
            "bucket_domain_name": "cachutacos-failover-prod.s3.amazonaws.com",
            "bucket_prefix": "",
            "bucket_regional_domain_name": "cachutacos-failover-prod.s3.us-west-2.amazonaws.com",
            "cors_rule": [],
            "force_destroy": false,
            "grant": [
              {
                "id": "11de40991e4931d662c40f7ca889d48497e16835ff1147eda79a6ee27920de36",
                "permissions": [
                  "FULL_CONTROL"
                ],
                "type": "CanonicalUser",
                "uri": ""
              }
            ],
            "hosted_zone_id": "Z3BJ6K6RIION7M",
            "id": "cachutacos-failover-prod",
            "lifecycle_rule": [],
            "logging": [],
            "object_lock_configuration": [],
            "object_lock_enabled": false,
            "policy": "{\"Statement\":[{\"Action\":\"s3:GetObject\",\"Effect\":\"Allow\",\"Principal\":{\"AWS\":\"arn:aws:iam::cloudfront:user/CloudFront Origin Access Identity E1UNCN4K2V60KK\"},\"Resource\":\"arn:aws:s3:::cachutacos-failover-prod/*\",\"Sid\":\"\"}],\"Version\":\"2012-10-17\"}",
            "region": "us-west-2",
            "replication_configuration": [],
            "request_payer": "BucketOwner",
            "server_side_encryption_configuration": [
              {
                "rule": [
                  {
                    "apply_server_side_encryption_by_default": [
                      {
                        "kms_master_key_id": "",
                        "sse_algorithm": "AES256"
                      }
                    ],
                    "bucket_key_enabled": false
                  }
                ]
              }
            ],
            "tags": {},
            "tags_all": {
              "application-name": "neo-terraform-ecs"
            },
            "timeouts": null,
            "versioning": [
              {
                "enabled": false,
                "mfa_delete": false
              }
            ],
            "website": [],
            "website_domain": null,
            "website_endpoint": null
          },
          "sensitive_attributes": [],
          "private": "eyJlMmJmYjczMC1lY2FhLTExZTYtOGY4OC0zNDM2M2JjN2M0YzAiOnsiY3JlYXRlIjoxMjAwMDAwMDAwMDAwLCJkZWxldGUiOjM2MDAwMDAwMDAwMDAsInJlYWQiOjEyMDAwMDAwMDAwMDAsInVwZGF0ZSI6MTIwMDAwMDAwMDAwMH19"
        }
      ]
    },
    {
      "module": "module.CLOUDFRONT_CACHUTACOS",
      "mode": "managed",
      "type": "aws_s3_bucket_acl",
      "name": "bucket_acl",
      "provider": "provider[\"registry.terraform.io/hashicorp/aws\"]",
      "instances": [
        {
          "schema_version": 0,
          "attributes": {
            "access_control_policy": [
              {
                "grant": [
                  {
                    "grantee": [
                      {
                        "display_name": "letmeknow.awsprod",
                        "email_address": "",
                        "id": "11de40991e4931d662c40f7ca889d48497e16835ff1147eda79a6ee27920de36",
                        "type": "CanonicalUser",
                        "uri": ""
                      }
                    ],
                    "permission": "FULL_CONTROL"
                  }
                ],
                "owner": [
                  {
                    "display_name": "letmeknow.awsprod",
                    "id": "11de40991e4931d662c40f7ca889d48497e16835ff1147eda79a6ee27920de36"
                  }
                ]
              }
            ],
            "acl": "private",
            "bucket": "lmk-cachutacos-prod",
            "expected_bucket_owner": "",
            "id": "lmk-cachutacos-prod,private"
          },
          "sensitive_attributes": [],
          "private": "bnVsbA==",
          "dependencies": [
            "module.CLOUDFRONT_CACHUTACOS.aws_s3_bucket.web-bucket"
          ]
        }
      ]
    },
    {
      "module": "module.CLOUDFRONT_CACHUTACOS",
      "mode": "managed",
      "type": "aws_s3_bucket_acl",
      "name": "bucket_acl_failover",
      "provider": "provider[\"registry.terraform.io/hashicorp/aws\"]",
      "instances": [
        {
          "schema_version": 0,
          "attributes": {
            "access_control_policy": [
              {
                "grant": [
                  {
                    "grantee": [
                      {
                        "display_name": "letmeknow.awsprod",
                        "email_address": "",
                        "id": "11de40991e4931d662c40f7ca889d48497e16835ff1147eda79a6ee27920de36",
                        "type": "CanonicalUser",
                        "uri": ""
                      }
                    ],
                    "permission": "FULL_CONTROL"
                  }
                ],
                "owner": [
                  {
                    "display_name": "letmeknow.awsprod",
                    "id": "11de40991e4931d662c40f7ca889d48497e16835ff1147eda79a6ee27920de36"
                  }
                ]
              }
            ],
            "acl": "private",
            "bucket": "cachutacos-failover-prod",
            "expected_bucket_owner": "",
            "id": "cachutacos-failover-prod,private"
          },
          "sensitive_attributes": [],
          "private": "bnVsbA==",
          "dependencies": [
            "module.CLOUDFRONT_CACHUTACOS.aws_s3_bucket.web-portal-failover"
          ]
        }
      ]
    },
    {
      "module": "module.CLOUDFRONT_CACHUTACOS",
      "mode": "managed",
      "type": "aws_s3_bucket_policy",
      "name": "mybucket",
      "provider": "provider[\"registry.terraform.io/hashicorp/aws\"]",
      "instances": [
        {
          "schema_version": 0,
          "attributes": {
            "bucket": "lmk-cachutacos-prod",
            "id": "lmk-cachutacos-prod",
            "policy": "{\"Statement\":[{\"Action\":\"s3:GetObject\",\"Effect\":\"Allow\",\"Principal\":{\"AWS\":\"arn:aws:iam::cloudfront:user/CloudFront Origin Access Identity E3IKQ40R2MP8I5\"},\"Resource\":\"arn:aws:s3:::lmk-cachutacos-prod/*\",\"Sid\":\"\"}],\"Version\":\"2012-10-17\"}"
          },
          "sensitive_attributes": [],
          "private": "bnVsbA==",
          "dependencies": [
            "module.CLOUDFRONT_CACHUTACOS.aws_cloudfront_origin_access_identity.origin_access_identity",
            "module.CLOUDFRONT_CACHUTACOS.aws_s3_bucket.web-bucket",
            "module.CLOUDFRONT_CACHUTACOS.data.aws_iam_policy_document.s3_policy"
          ]
        }
      ]
    },
    {
      "module": "module.CLOUDFRONT_CACHUTACOS",
      "mode": "managed",
      "type": "aws_s3_bucket_policy",
      "name": "policy-failover",
      "provider": "provider[\"registry.terraform.io/hashicorp/aws\"]",
      "instances": [
        {
          "schema_version": 0,
          "attributes": {
            "bucket": "cachutacos-failover-prod",
            "id": "cachutacos-failover-prod",
            "policy": "{\"Statement\":[{\"Action\":\"s3:GetObject\",\"Effect\":\"Allow\",\"Principal\":{\"AWS\":\"arn:aws:iam::cloudfront:user/CloudFront Origin Access Identity E1UNCN4K2V60KK\"},\"Resource\":\"arn:aws:s3:::cachutacos-failover-prod/*\",\"Sid\":\"\"}],\"Version\":\"2012-10-17\"}"
          },
          "sensitive_attributes": [],
          "private": "bnVsbA==",
          "dependencies": [
            "module.CLOUDFRONT_CACHUTACOS.aws_cloudfront_origin_access_identity.origin_access_identity-failover",
            "module.CLOUDFRONT_CACHUTACOS.aws_s3_bucket.web-portal-failover",
            "module.CLOUDFRONT_CACHUTACOS.data.aws_iam_policy_document.s3_policy-failover"
          ]
        }
      ]
    },
    {
      "module": "module.CLOUDFRONT_CACHUTACOS",
      "mode": "managed",
      "type": "aws_s3_bucket_public_access_block",
      "name": "bhsf-mobile-failover-config-access",
      "provider": "provider[\"registry.terraform.io/hashicorp/aws\"]",
      "instances": [
        {
          "schema_version": 0,
          "attributes": {
            "block_public_acls": true,
            "block_public_policy": true,
            "bucket": "cachutacos-failover-prod",
            "id": "cachutacos-failover-prod",
            "ignore_public_acls": true,
            "restrict_public_buckets": true
          },
          "sensitive_attributes": [],
          "private": "bnVsbA==",
          "dependencies": [
            "module.CLOUDFRONT_CACHUTACOS.aws_s3_bucket.web-portal-failover"
          ]
        }
      ]
    },
    {
      "module": "module.CLOUDFRONT_CACHUTACOS",
      "mode": "managed",
      "type": "aws_s3_bucket_public_access_block",
      "name": "web-bucket-access",
      "provider": "provider[\"registry.terraform.io/hashicorp/aws\"]",
      "instances": [
        {
          "schema_version": 0,
          "attributes": {
            "block_public_acls": true,
            "block_public_policy": true,
            "bucket": "lmk-cachutacos-prod",
            "id": "lmk-cachutacos-prod",
            "ignore_public_acls": true,
            "restrict_public_buckets": true
          },
          "sensitive_attributes": [],
          "private": "bnVsbA==",
          "dependencies": [
            "module.CLOUDFRONT_CACHUTACOS.aws_s3_bucket.web-bucket"
          ]
        }
      ]
    },
    {
      "module": "module.CLOUDFRONT_CACHUTACOS",
      "mode": "managed",
      "type": "aws_s3_bucket_website_configuration",
      "name": "website_configuration",
      "provider": "provider[\"registry.terraform.io/hashicorp/aws\"]",
      "instances": [
        {
          "schema_version": 0,
          "attributes": {
            "bucket": "lmk-cachutacos-prod",
            "error_document": [
              {
                "key": "index.html"
              }
            ],
            "expected_bucket_owner": "",
            "id": "lmk-cachutacos-prod",
            "index_document": [
              {
                "suffix": "index.html"
              }
            ],
            "redirect_all_requests_to": [],
            "routing_rule": [],
            "routing_rules": "",
            "website_domain": "s3-website-us-west-2.amazonaws.com",
            "website_endpoint": "lmk-cachutacos-prod.s3-website-us-west-2.amazonaws.com"
          },
          "sensitive_attributes": [],
          "private": "bnVsbA==",
          "dependencies": [
            "module.CLOUDFRONT_CACHUTACOS.aws_s3_bucket.web-bucket"
          ]
        }
      ]
    },
    {
      "module": "module.CLOUD_FRONT",
      "mode": "data",
      "type": "aws_cloudfront_cache_policy",
      "name": "caching-optimized",
      "provider": "provider[\"registry.terraform.io/hashicorp/aws\"]",
      "instances": [
        {
          "schema_version": 0,
          "attributes": {
            "comment": "Policy with caching disabled",
            "default_ttl": 0,
            "etag": "E23ZP02F085DFQ",
            "id": "4135ea2d-6df8-44a3-9df3-4b5a84be39ad",
            "max_ttl": 0,
            "min_ttl": 0,
            "name": "Managed-CachingDisabled",
            "parameters_in_cache_key_and_forwarded_to_origin": [
              {
                "cookies_config": [
                  {
                    "cookie_behavior": "none",
                    "cookies": []
                  }
                ],
                "enable_accept_encoding_brotli": false,
                "enable_accept_encoding_gzip": false,
                "headers_config": [
                  {
                    "header_behavior": "none",
                    "headers": []
                  }
                ],
                "query_strings_config": [
                  {
                    "query_string_behavior": "none",
                    "query_strings": []
                  }
                ]
              }
            ]
          },
          "sensitive_attributes": []
        }
      ]
    },
    {
      "module": "module.CLOUD_FRONT",
      "mode": "data",
      "type": "aws_iam_policy_document",
      "name": "s3_policy",
      "provider": "provider[\"registry.terraform.io/hashicorp/aws\"]",
      "instances": [
        {
          "schema_version": 0,
          "attributes": {
            "id": "4215715631",
            "json": "{\n  \"Version\": \"2012-10-17\",\n  \"Statement\": [\n    {\n      \"Sid\": \"\",\n      \"Effect\": \"Allow\",\n      \"Action\": \"s3:GetObject\",\n      \"Resource\": \"arn:aws:s3:::lmk-la-taqueria-prod/*\",\n      \"Principal\": {\n        \"AWS\": \"arn:aws:iam::cloudfront:user/CloudFront Origin Access Identity ED1NDREF36766\"\n      }\n    }\n  ]\n}",
            "override_json": null,
            "override_policy_documents": null,
            "policy_id": null,
            "source_json": null,
            "source_policy_documents": null,
            "statement": [
              {
                "actions": [
                  "s3:GetObject"
                ],
                "condition": [],
                "effect": "Allow",
                "not_actions": [],
                "not_principals": [],
                "not_resources": [],
                "principals": [
                  {
                    "identifiers": [
                      "arn:aws:iam::cloudfront:user/CloudFront Origin Access Identity ED1NDREF36766"
                    ],
                    "type": "AWS"
                  }
                ],
                "resources": [
                  "arn:aws:s3:::lmk-la-taqueria-prod/*"
                ],
                "sid": ""
              }
            ],
            "version": "2012-10-17"
          },
          "sensitive_attributes": []
        }
      ]
    },
    {
      "module": "module.CLOUD_FRONT",
      "mode": "data",
      "type": "aws_iam_policy_document",
      "name": "s3_policy-failover",
      "provider": "provider[\"registry.terraform.io/hashicorp/aws\"]",
      "instances": [
        {
          "schema_version": 0,
          "attributes": {
            "id": "2292521990",
            "json": "{\n  \"Version\": \"2012-10-17\",\n  \"Statement\": [\n    {\n      \"Sid\": \"\",\n      \"Effect\": \"Allow\",\n      \"Action\": \"s3:GetObject\",\n      \"Resource\": \"arn:aws:s3:::la-taqueria-failover-prod/*\",\n      \"Principal\": {\n        \"AWS\": \"arn:aws:iam::cloudfront:user/CloudFront Origin Access Identity E2B4XDL6VQIVFW\"\n      }\n    }\n  ]\n}",
            "override_json": null,
            "override_policy_documents": null,
            "policy_id": null,
            "source_json": null,
            "source_policy_documents": null,
            "statement": [
              {
                "actions": [
                  "s3:GetObject"
                ],
                "condition": [],
                "effect": "Allow",
                "not_actions": [],
                "not_principals": [],
                "not_resources": [],
                "principals": [
                  {
                    "identifiers": [
                      "arn:aws:iam::cloudfront:user/CloudFront Origin Access Identity E2B4XDL6VQIVFW"
                    ],
                    "type": "AWS"
                  }
                ],
                "resources": [
                  "arn:aws:s3:::la-taqueria-failover-prod/*"
                ],
                "sid": ""
              }
            ],
            "version": "2012-10-17"
          },
          "sensitive_attributes": []
        }
      ]
    },
    {
      "module": "module.CLOUD_FRONT",
      "mode": "managed",
      "type": "aws_cloudfront_distribution",
      "name": "s3_distribution",
      "provider": "provider[\"registry.terraform.io/hashicorp/aws\"]",
      "instances": [
        {
          "schema_version": 1,
          "attributes": {
            "aliases": [
              "lataqueria.lmeknow.com"
            ],
            "arn": "arn:aws:cloudfront::084165404291:distribution/E240M6MXK7DG2",
            "caller_reference": "terraform-20230424202154924500000003",
            "comment": "la-taqueria-prod",
            "custom_error_response": [
              {
                "error_caching_min_ttl": 10,
                "error_code": 403,
                "response_code": 200,
                "response_page_path": "/index.html"
              },
              {
                "error_caching_min_ttl": 10,
                "error_code": 404,
                "response_code": 200,
                "response_page_path": "/index.html"
              }
            ],
            "default_cache_behavior": [
              {
                "allowed_methods": [
                  "GET",
                  "HEAD",
                  "OPTIONS"
                ],
                "cache_policy_id": "",
                "cached_methods": [
                  "GET",
                  "HEAD"
                ],
                "compress": false,
                "default_ttl": 0,
                "field_level_encryption_id": "",
                "forwarded_values": [
                  {
                    "cookies": [
                      {
                        "forward": "none",
                        "whitelisted_names": []
                      }
                    ],
                    "headers": [],
                    "query_string": false,
                    "query_string_cache_keys": []
                  }
                ],
                "function_association": [],
                "lambda_function_association": [],
                "max_ttl": 0,
                "min_ttl": 0,
                "origin_request_policy_id": "",
                "realtime_log_config_arn": "",
                "response_headers_policy_id": "bcb4b94d-a6ce-43b6-bb0b-bea84c950c73",
                "smooth_streaming": false,
                "target_origin_id": "lmk-la-taqueria-prod",
                "trusted_key_groups": [],
                "trusted_signers": [],
                "viewer_protocol_policy": "redirect-to-https"
              }
            ],
            "default_root_object": "index.html",
            "domain_name": "d2jlgnl09ismtd.cloudfront.net",
            "enabled": true,
            "etag": "E1IOK5CTFNGU17",
            "hosted_zone_id": "Z2FDTNDATAQYW2",
            "http_version": "http2",
            "id": "E240M6MXK7DG2",
            "in_progress_validation_batches": 0,
            "is_ipv6_enabled": true,
            "last_modified_time": "2023-04-25 05:25:50.04 +0000 UTC",
            "logging_config": [],
            "ordered_cache_behavior": [],
            "origin": [
              {
                "connection_attempts": 3,
                "connection_timeout": 10,
                "custom_header": [],
                "custom_origin_config": [],
                "domain_name": "lmk-la-taqueria-prod.s3.us-west-2.amazonaws.com",
                "origin_access_control_id": "",
                "origin_id": "lmk-la-taqueria-prod",
                "origin_path": "",
                "origin_shield": [],
                "s3_origin_config": [
                  {
                    "origin_access_identity": "origin-access-identity/cloudfront/ED1NDREF36766"
                  }
                ]
              }
            ],
            "origin_group": [],
            "price_class": "PriceClass_100",
            "restrictions": [
              {
                "geo_restriction": [
                  {
                    "locations": [],
                    "restriction_type": "none"
                  }
                ]
              }
            ],
            "retain_on_delete": false,
            "status": "Deployed",
            "tags": {},
            "tags_all": {
              "application-name": "neo-terraform-ecs"
            },
            "trusted_key_groups": [
              {
                "enabled": false,
                "items": []
              }
            ],
            "trusted_signers": [
              {
                "enabled": false,
                "items": []
              }
            ],
            "viewer_certificate": [
              {
                "acm_certificate_arn": "arn:aws:acm:us-east-1:084165404291:certificate/7a04d9da-d8a8-4263-b61d-efc4a8790288",
                "cloudfront_default_certificate": false,
                "iam_certificate_id": "",
                "minimum_protocol_version": "TLSv1",
                "ssl_support_method": "sni-only"
              }
            ],
            "wait_for_deployment": true,
            "web_acl_id": ""
          },
          "sensitive_attributes": [],
          "private": "eyJzY2hlbWFfdmVyc2lvbiI6IjEifQ==",
          "dependencies": [
            "module.CLOUD_FRONT.aws_cloudfront_origin_access_identity.origin_access_identity",
            "module.CLOUD_FRONT.aws_cloudfront_response_headers_policy.security_headers_policy",
            "module.CLOUD_FRONT.aws_s3_bucket.web-bucket"
          ]
        }
      ]
    },
    {
      "module": "module.CLOUD_FRONT",
      "mode": "managed",
      "type": "aws_cloudfront_origin_access_identity",
      "name": "origin_access_identity",
      "provider": "provider[\"registry.terraform.io/hashicorp/aws\"]",
      "instances": [
        {
          "schema_version": 0,
          "attributes": {
            "caller_reference": "terraform-20230424202153611500000001",
            "cloudfront_access_identity_path": "origin-access-identity/cloudfront/ED1NDREF36766",
            "comment": "access-identity-lmk-la-taqueria-prod.s3.us-west-2.amazonaws.com",
            "etag": "E3NSW1VS9O9H2P",
            "iam_arn": "arn:aws:iam::cloudfront:user/CloudFront Origin Access Identity ED1NDREF36766",
            "id": "ED1NDREF36766",
            "s3_canonical_user_id": "5bc01df0851121efd67898d442ac3444648569339f05255b380a1680ac5e29758130a557c613901473d58cea5fb17b50"
          },
          "sensitive_attributes": [],
          "private": "bnVsbA==",
          "dependencies": [
            "module.CLOUD_FRONT.aws_s3_bucket.web-bucket"
          ]
        }
      ]
    },
    {
      "module": "module.CLOUD_FRONT",
      "mode": "managed",
      "type": "aws_cloudfront_origin_access_identity",
      "name": "origin_access_identity-failover",
      "provider": "provider[\"registry.terraform.io/hashicorp/aws\"]",
      "instances": [
        {
          "schema_version": 0,
          "attributes": {
            "caller_reference": "terraform-20230424202153612000000002",
            "cloudfront_access_identity_path": "origin-access-identity/cloudfront/E2B4XDL6VQIVFW",
            "comment": "access-identity-la-taqueria-failover-prod.s3.us-west-2.amazonaws.com",
            "etag": "E1ZTQJFSWJYCBC",
            "iam_arn": "arn:aws:iam::cloudfront:user/CloudFront Origin Access Identity E2B4XDL6VQIVFW",
            "id": "E2B4XDL6VQIVFW",
            "s3_canonical_user_id": "e99667f7661b8295b8fccc69f11c86eab927608d861c9f89a8cee3dc56ac5570f66142a71323eeff265e71debd4c357a"
          },
          "sensitive_attributes": [],
          "private": "bnVsbA==",
          "dependencies": [
            "module.CLOUD_FRONT.aws_s3_bucket.web-portal-failover"
          ]
        }
      ]
    },
    {
      "module": "module.CLOUD_FRONT",
      "mode": "managed",
      "type": "aws_cloudfront_response_headers_policy",
      "name": "security_headers_policy",
      "provider": "provider[\"registry.terraform.io/hashicorp/aws\"]",
      "instances": [
        {
          "schema_version": 0,
          "attributes": {
            "comment": "Adds HSTS headers",
            "cors_config": [],
            "custom_headers_config": [],
            "etag": "ETVPDKIKX0DER",
            "id": "bcb4b94d-a6ce-43b6-bb0b-bea84c950c73",
            "name": "lmk-la-taqueria-headers-policy",
            "remove_headers_config": [],
            "security_headers_config": [
              {
                "content_security_policy": [],
                "content_type_options": [],
                "frame_options": [],
                "referrer_policy": [],
                "strict_transport_security": [
                  {
                    "access_control_max_age_sec": 5,
                    "include_subdomains": true,
                    "override": true,
                    "preload": true
                  }
                ],
                "xss_protection": []
              }
            ],
            "server_timing_headers_config": []
          },
          "sensitive_attributes": [],
          "private": "bnVsbA=="
        }
      ]
    },
    {
      "module": "module.CLOUD_FRONT",
      "mode": "managed",
      "type": "aws_s3_bucket",
      "name": "web-bucket",
      "provider": "provider[\"registry.terraform.io/hashicorp/aws\"]",
      "instances": [
        {
          "schema_version": 0,
          "attributes": {
            "acceleration_status": "",
            "acl": null,
            "arn": "arn:aws:s3:::lmk-la-taqueria-prod",
            "bucket": "lmk-la-taqueria-prod",
            "bucket_domain_name": "lmk-la-taqueria-prod.s3.amazonaws.com",
            "bucket_prefix": "",
            "bucket_regional_domain_name": "lmk-la-taqueria-prod.s3.us-west-2.amazonaws.com",
            "cors_rule": [],
            "force_destroy": false,
            "grant": [
              {
                "id": "11de40991e4931d662c40f7ca889d48497e16835ff1147eda79a6ee27920de36",
                "permissions": [
                  "FULL_CONTROL"
                ],
                "type": "CanonicalUser",
                "uri": ""
              }
            ],
            "hosted_zone_id": "Z3BJ6K6RIION7M",
            "id": "lmk-la-taqueria-prod",
            "lifecycle_rule": [],
            "logging": [],
            "object_lock_configuration": [],
            "object_lock_enabled": false,
            "policy": "{\"Statement\":[{\"Action\":\"s3:GetObject\",\"Effect\":\"Allow\",\"Principal\":{\"AWS\":\"arn:aws:iam::cloudfront:user/CloudFront Origin Access Identity ED1NDREF36766\"},\"Resource\":\"arn:aws:s3:::lmk-la-taqueria-prod/*\",\"Sid\":\"\"}],\"Version\":\"2012-10-17\"}",
            "region": "us-west-2",
            "replication_configuration": [],
            "request_payer": "BucketOwner",
            "server_side_encryption_configuration": [
              {
                "rule": [
                  {
                    "apply_server_side_encryption_by_default": [
                      {
                        "kms_master_key_id": "",
                        "sse_algorithm": "AES256"
                      }
                    ],
                    "bucket_key_enabled": false
                  }
                ]
              }
            ],
            "tags": {},
            "tags_all": {
              "application-name": "neo-terraform-ecs"
            },
            "timeouts": null,
            "versioning": [
              {
                "enabled": false,
                "mfa_delete": false
              }
            ],
            "website": [
              {
                "error_document": "index.html",
                "index_document": "index.html",
                "redirect_all_requests_to": "",
                "routing_rules": ""
              }
            ],
            "website_domain": "s3-website-us-west-2.amazonaws.com",
            "website_endpoint": "lmk-la-taqueria-prod.s3-website-us-west-2.amazonaws.com"
          },
          "sensitive_attributes": [],
          "private": "eyJlMmJmYjczMC1lY2FhLTExZTYtOGY4OC0zNDM2M2JjN2M0YzAiOnsiY3JlYXRlIjoxMjAwMDAwMDAwMDAwLCJkZWxldGUiOjM2MDAwMDAwMDAwMDAsInJlYWQiOjEyMDAwMDAwMDAwMDAsInVwZGF0ZSI6MTIwMDAwMDAwMDAwMH19"
        }
      ]
    },
    {
      "module": "module.CLOUD_FRONT",
      "mode": "managed",
      "type": "aws_s3_bucket",
      "name": "web-portal-failover",
      "provider": "provider[\"registry.terraform.io/hashicorp/aws\"]",
      "instances": [
        {
          "schema_version": 0,
          "attributes": {
            "acceleration_status": "",
            "acl": null,
            "arn": "arn:aws:s3:::la-taqueria-failover-prod",
            "bucket": "la-taqueria-failover-prod",
            "bucket_domain_name": "la-taqueria-failover-prod.s3.amazonaws.com",
            "bucket_prefix": "",
            "bucket_regional_domain_name": "la-taqueria-failover-prod.s3.us-west-2.amazonaws.com",
            "cors_rule": [],
            "force_destroy": false,
            "grant": [
              {
                "id": "11de40991e4931d662c40f7ca889d48497e16835ff1147eda79a6ee27920de36",
                "permissions": [
                  "FULL_CONTROL"
                ],
                "type": "CanonicalUser",
                "uri": ""
              }
            ],
            "hosted_zone_id": "Z3BJ6K6RIION7M",
            "id": "la-taqueria-failover-prod",
            "lifecycle_rule": [],
            "logging": [],
            "object_lock_configuration": [],
            "object_lock_enabled": false,
            "policy": "{\"Statement\":[{\"Action\":\"s3:GetObject\",\"Effect\":\"Allow\",\"Principal\":{\"AWS\":\"arn:aws:iam::cloudfront:user/CloudFront Origin Access Identity E2B4XDL6VQIVFW\"},\"Resource\":\"arn:aws:s3:::la-taqueria-failover-prod/*\",\"Sid\":\"\"}],\"Version\":\"2012-10-17\"}",
            "region": "us-west-2",
            "replication_configuration": [],
            "request_payer": "BucketOwner",
            "server_side_encryption_configuration": [
              {
                "rule": [
                  {
                    "apply_server_side_encryption_by_default": [
                      {
                        "kms_master_key_id": "",
                        "sse_algorithm": "AES256"
                      }
                    ],
                    "bucket_key_enabled": false
                  }
                ]
              }
            ],
            "tags": {},
            "tags_all": {
              "application-name": "neo-terraform-ecs"
            },
            "timeouts": null,
            "versioning": [
              {
                "enabled": false,
                "mfa_delete": false
              }
            ],
            "website": [],
            "website_domain": null,
            "website_endpoint": null
          },
          "sensitive_attributes": [],
          "private": "eyJlMmJmYjczMC1lY2FhLTExZTYtOGY4OC0zNDM2M2JjN2M0YzAiOnsiY3JlYXRlIjoxMjAwMDAwMDAwMDAwLCJkZWxldGUiOjM2MDAwMDAwMDAwMDAsInJlYWQiOjEyMDAwMDAwMDAwMDAsInVwZGF0ZSI6MTIwMDAwMDAwMDAwMH19"
        }
      ]
    },
    {
      "module": "module.CLOUD_FRONT",
      "mode": "managed",
      "type": "aws_s3_bucket_acl",
      "name": "bucket_acl",
      "provider": "provider[\"registry.terraform.io/hashicorp/aws\"]",
      "instances": [
        {
          "schema_version": 0,
          "attributes": {
            "access_control_policy": [
              {
                "grant": [
                  {
                    "grantee": [
                      {
                        "display_name": "letmeknow.awsprod",
                        "email_address": "",
                        "id": "11de40991e4931d662c40f7ca889d48497e16835ff1147eda79a6ee27920de36",
                        "type": "CanonicalUser",
                        "uri": ""
                      }
                    ],
                    "permission": "FULL_CONTROL"
                  }
                ],
                "owner": [
                  {
                    "display_name": "letmeknow.awsprod",
                    "id": "11de40991e4931d662c40f7ca889d48497e16835ff1147eda79a6ee27920de36"
                  }
                ]
              }
            ],
            "acl": "private",
            "bucket": "lmk-la-taqueria-prod",
            "expected_bucket_owner": "",
            "id": "lmk-la-taqueria-prod,private"
          },
          "sensitive_attributes": [],
          "private": "bnVsbA==",
          "dependencies": [
            "module.CLOUD_FRONT.aws_s3_bucket.web-bucket"
          ]
        }
      ]
    },
    {
      "module": "module.CLOUD_FRONT",
      "mode": "managed",
      "type": "aws_s3_bucket_acl",
      "name": "bucket_acl_failover",
      "provider": "provider[\"registry.terraform.io/hashicorp/aws\"]",
      "instances": [
        {
          "schema_version": 0,
          "attributes": {
            "access_control_policy": [
              {
                "grant": [
                  {
                    "grantee": [
                      {
                        "display_name": "letmeknow.awsprod",
                        "email_address": "",
                        "id": "11de40991e4931d662c40f7ca889d48497e16835ff1147eda79a6ee27920de36",
                        "type": "CanonicalUser",
                        "uri": ""
                      }
                    ],
                    "permission": "FULL_CONTROL"
                  }
                ],
                "owner": [
                  {
                    "display_name": "letmeknow.awsprod",
                    "id": "11de40991e4931d662c40f7ca889d48497e16835ff1147eda79a6ee27920de36"
                  }
                ]
              }
            ],
            "acl": "private",
            "bucket": "la-taqueria-failover-prod",
            "expected_bucket_owner": "",
            "id": "la-taqueria-failover-prod,private"
          },
          "sensitive_attributes": [],
          "private": "bnVsbA==",
          "dependencies": [
            "module.CLOUD_FRONT.aws_s3_bucket.web-portal-failover"
          ]
        }
      ]
    },
    {
      "module": "module.CLOUD_FRONT",
      "mode": "managed",
      "type": "aws_s3_bucket_policy",
      "name": "mybucket",
      "provider": "provider[\"registry.terraform.io/hashicorp/aws\"]",
      "instances": [
        {
          "schema_version": 0,
          "attributes": {
            "bucket": "lmk-la-taqueria-prod",
            "id": "lmk-la-taqueria-prod",
            "policy": "{\"Statement\":[{\"Action\":\"s3:GetObject\",\"Effect\":\"Allow\",\"Principal\":{\"AWS\":\"arn:aws:iam::cloudfront:user/CloudFront Origin Access Identity ED1NDREF36766\"},\"Resource\":\"arn:aws:s3:::lmk-la-taqueria-prod/*\",\"Sid\":\"\"}],\"Version\":\"2012-10-17\"}"
          },
          "sensitive_attributes": [],
          "private": "bnVsbA==",
          "dependencies": [
            "module.CLOUD_FRONT.aws_cloudfront_origin_access_identity.origin_access_identity",
            "module.CLOUD_FRONT.aws_s3_bucket.web-bucket",
            "module.CLOUD_FRONT.data.aws_iam_policy_document.s3_policy"
          ]
        }
      ]
    },
    {
      "module": "module.CLOUD_FRONT",
      "mode": "managed",
      "type": "aws_s3_bucket_policy",
      "name": "policy-failover",
      "provider": "provider[\"registry.terraform.io/hashicorp/aws\"]",
      "instances": [
        {
          "schema_version": 0,
          "attributes": {
            "bucket": "la-taqueria-failover-prod",
            "id": "la-taqueria-failover-prod",
            "policy": "{\"Statement\":[{\"Action\":\"s3:GetObject\",\"Effect\":\"Allow\",\"Principal\":{\"AWS\":\"arn:aws:iam::cloudfront:user/CloudFront Origin Access Identity E2B4XDL6VQIVFW\"},\"Resource\":\"arn:aws:s3:::la-taqueria-failover-prod/*\",\"Sid\":\"\"}],\"Version\":\"2012-10-17\"}"
          },
          "sensitive_attributes": [],
          "private": "bnVsbA==",
          "dependencies": [
            "module.CLOUD_FRONT.aws_cloudfront_origin_access_identity.origin_access_identity-failover",
            "module.CLOUD_FRONT.aws_s3_bucket.web-portal-failover",
            "module.CLOUD_FRONT.data.aws_iam_policy_document.s3_policy-failover"
          ]
        }
      ]
    },
    {
      "module": "module.CLOUD_FRONT",
      "mode": "managed",
      "type": "aws_s3_bucket_public_access_block",
      "name": "bhsf-mobile-failover-config-access",
      "provider": "provider[\"registry.terraform.io/hashicorp/aws\"]",
      "instances": [
        {
          "schema_version": 0,
          "attributes": {
            "block_public_acls": true,
            "block_public_policy": true,
            "bucket": "la-taqueria-failover-prod",
            "id": "la-taqueria-failover-prod",
            "ignore_public_acls": true,
            "restrict_public_buckets": true
          },
          "sensitive_attributes": [],
          "private": "bnVsbA==",
          "dependencies": [
            "module.CLOUD_FRONT.aws_s3_bucket.web-portal-failover"
          ]
        }
      ]
    },
    {
      "module": "module.CLOUD_FRONT",
      "mode": "managed",
      "type": "aws_s3_bucket_public_access_block",
      "name": "web-bucket-access",
      "provider": "provider[\"registry.terraform.io/hashicorp/aws\"]",
      "instances": [
        {
          "schema_version": 0,
          "attributes": {
            "block_public_acls": true,
            "block_public_policy": true,
            "bucket": "lmk-la-taqueria-prod",
            "id": "lmk-la-taqueria-prod",
            "ignore_public_acls": true,
            "restrict_public_buckets": true
          },
          "sensitive_attributes": [],
          "private": "bnVsbA==",
          "dependencies": [
            "module.CLOUD_FRONT.aws_s3_bucket.web-bucket"
          ]
        }
      ]
    },
    {
      "module": "module.CLOUD_FRONT",
      "mode": "managed",
      "type": "aws_s3_bucket_website_configuration",
      "name": "website_configuration",
      "provider": "provider[\"registry.terraform.io/hashicorp/aws\"]",
      "instances": [
        {
          "schema_version": 0,
          "attributes": {
            "bucket": "lmk-la-taqueria-prod",
            "error_document": [
              {
                "key": "index.html"
              }
            ],
            "expected_bucket_owner": "",
            "id": "lmk-la-taqueria-prod",
            "index_document": [
              {
                "suffix": "index.html"
              }
            ],
            "redirect_all_requests_to": [],
            "routing_rule": [],
            "routing_rules": "",
            "website_domain": "s3-website-us-west-2.amazonaws.com",
            "website_endpoint": "lmk-la-taqueria-prod.s3-website-us-west-2.amazonaws.com"
          },
          "sensitive_attributes": [],
          "private": "bnVsbA==",
          "dependencies": [
            "module.CLOUD_FRONT.aws_s3_bucket.web-bucket"
          ]
        }
      ]
    },
    {
      "module": "module.CODE-BUILD",
      "mode": "managed",
      "type": "aws_codebuild_project",
      "name": "code-compilations",
      "provider": "provider[\"registry.terraform.io/hashicorp/aws\"]",
      "instances": [
        {
          "schema_version": 0,
          "attributes": {
            "arn": "arn:aws:codebuild:us-west-2:084165404291:project/la-taqueria-prod",
            "artifacts": [
              {
                "artifact_identifier": "",
                "bucket_owner_access": "",
                "encryption_disabled": false,
                "location": "",
                "name": "",
                "namespace_type": "",
                "override_artifact_name": false,
                "packaging": "",
                "path": "",
                "type": "NO_ARTIFACTS"
              }
            ],
            "badge_enabled": false,
            "badge_url": "",
            "build_batch_config": [],
            "build_timeout": 60,
            "cache": [
              {
                "location": "",
                "modes": [],
                "type": "NO_CACHE"
              }
            ],
            "concurrent_build_limit": 0,
            "description": "",
            "encryption_key": "arn:aws:kms:us-west-2:084165404291:alias/aws/s3",
            "environment": [
              {
                "certificate": "",
                "compute_type": "BUILD_GENERAL1_SMALL",
                "environment_variable": [
                  {
                    "name": "BUCKET_NAME",
                    "type": "PLAINTEXT",
                    "value": "lmk-la-taqueria-prod"
                  },
                  {
                    "name": "ENVIRONMENT",
                    "type": "PLAINTEXT",
                    "value": "prod"
                  },
                  {
                    "name": "CLOUDFRONT_ID",
                    "type": "PLAINTEXT",
                    "value": "E240M6MXK7DG2"
                  }
                ],
                "image": "aws/codebuild/amazonlinux2-x86_64-standard:4.0",
                "image_pull_credentials_type": "CODEBUILD",
                "privileged_mode": true,
                "registry_credential": [],
                "type": "LINUX_CONTAINER"
              }
            ],
            "file_system_locations": [],
            "id": "arn:aws:codebuild:us-west-2:084165404291:project/la-taqueria-prod",
            "logs_config": [
              {
                "cloudwatch_logs": [
                  {
                    "group_name": "",
                    "status": "ENABLED",
                    "stream_name": ""
                  }
                ],
                "s3_logs": [
                  {
                    "bucket_owner_access": "",
                    "encryption_disabled": false,
                    "location": "",
                    "status": "DISABLED"
                  }
                ]
              }
            ],
            "name": "la-taqueria-prod",
            "project_visibility": "PRIVATE",
            "public_project_alias": "",
            "queued_timeout": 480,
            "resource_access_role": "",
            "secondary_artifacts": [],
            "secondary_source_version": [],
            "secondary_sources": [],
            "service_role": "arn:aws:iam::084165404291:role/service-role/codebuild-la-taqueria-prod-service-role",
            "source": [
              {
                "auth": [],
                "build_status_config": [],
                "buildspec": "buildspec.yml",
                "git_clone_depth": 1,
                "git_submodules_config": [
                  {
                    "fetch_submodules": false
                  }
                ],
                "insecure_ssl": false,
                "location": "https://github.com/KevsAlex/lmk-menu-taqueria.git",
                "report_build_status": false,
                "type": "GITHUB"
              }
            ],
            "source_version": "refs/heads/master",
            "tags": {},
            "tags_all": {
              "application-name": "neo-terraform-ecs"
            },
            "vpc_config": []
          },
          "sensitive_attributes": [],
          "private": "bnVsbA==",
          "dependencies": [
            "module.CLOUD_FRONT.aws_cloudfront_distribution.s3_distribution",
            "module.CLOUD_FRONT.aws_cloudfront_origin_access_identity.origin_access_identity",
            "module.CLOUD_FRONT.aws_cloudfront_origin_access_identity.origin_access_identity-failover",
            "module.CLOUD_FRONT.aws_cloudfront_response_headers_policy.security_headers_policy",
            "module.CLOUD_FRONT.aws_s3_bucket.web-bucket",
            "module.CLOUD_FRONT.aws_s3_bucket.web-portal-failover",
            "module.CLOUD_FRONT.aws_s3_bucket_acl.bucket_acl",
            "module.CLOUD_FRONT.aws_s3_bucket_acl.bucket_acl_failover",
            "module.CLOUD_FRONT.aws_s3_bucket_policy.mybucket",
            "module.CLOUD_FRONT.aws_s3_bucket_policy.policy-failover",
            "module.CLOUD_FRONT.aws_s3_bucket_public_access_block.bhsf-mobile-failover-config-access",
            "module.CLOUD_FRONT.aws_s3_bucket_public_access_block.web-bucket-access",
            "module.CLOUD_FRONT.aws_s3_bucket_website_configuration.website_configuration",
            "module.CLOUD_FRONT.data.aws_cloudfront_cache_policy.caching-optimized",
            "module.CLOUD_FRONT.data.aws_iam_policy_document.s3_policy",
            "module.CLOUD_FRONT.data.aws_iam_policy_document.s3_policy-failover",
            "module.CODE-BUILD.aws_iam_policy.CodeBuildBasePolicy",
            "module.CODE-BUILD.aws_iam_policy.pipeline-policy",
            "module.CODE-BUILD.aws_iam_role.codebuild-role",
            "module.CODE-BUILD.aws_s3_bucket.s3-log-bucket"
          ]
        }
      ]
    },
    {
      "module": "module.CODE-BUILD",
      "mode": "managed",
      "type": "aws_codepipeline",
      "name": "pipeline",
      "provider": "provider[\"registry.terraform.io/hashicorp/aws\"]",
      "instances": [
        {
          "schema_version": 0,
          "attributes": {
            "arn": "arn:aws:codepipeline:us-west-2:084165404291:la-taqueria-prod",
            "artifact_store": [
              {
                "encryption_key": [],
                "location": "codepipeline-log-la-taqueria-us-west-2-prod",
                "region": "",
                "type": "S3"
              }
            ],
            "id": "la-taqueria-prod",
            "name": "la-taqueria-prod",
            "role_arn": "arn:aws:iam::084165404291:role/service-role/AWSCodePipelineServiceRole-us-west-2-la-taqueria-prod",
            "stage": [
              {
                "action": [
                  {
                    "category": "Source",
                    "configuration": {
                      "BranchName": "master",
                      "ConnectionArn": "arn:aws:codestar-connections:us-east-2:084165404291:connection/4c19e4b8-ad2c-4bc2-9847-09649cf95447",
                      "FullRepositoryId": "KevsAlex/lmk-menu-taqueria",
                      "OutputArtifactFormat": "CODE_ZIP"
                    },
                    "input_artifacts": [],
                    "name": "Source",
                    "namespace": "",
                    "output_artifacts": [
                      "source_output"
                    ],
                    "owner": "AWS",
                    "provider": "CodeStarSourceConnection",
                    "region": "",
                    "role_arn": "",
                    "run_order": 1,
                    "version": "1"
                  }
                ],
                "name": "Source"
              },
              {
                "action": [
                  {
                    "category": "Build",
                    "configuration": {
                      "ProjectName": "la-taqueria-prod"
                    },
                    "input_artifacts": [
                      "source_output"
                    ],
                    "name": "Build",
                    "namespace": "BuildVariables",
                    "output_artifacts": [
                      "BuildArtifact"
                    ],
                    "owner": "AWS",
                    "provider": "CodeBuild",
                    "region": "",
                    "role_arn": "",
                    "run_order": 1,
                    "version": "1"
                  }
                ],
                "name": "Build"
              }
            ],
            "tags": {},
            "tags_all": {
              "application-name": "neo-terraform-ecs"
            }
          },
          "sensitive_attributes": [],
          "private": "bnVsbA==",
          "dependencies": [
            "module.CLOUD_FRONT.aws_cloudfront_distribution.s3_distribution",
            "module.CLOUD_FRONT.aws_cloudfront_origin_access_identity.origin_access_identity",
            "module.CLOUD_FRONT.aws_cloudfront_origin_access_identity.origin_access_identity-failover",
            "module.CLOUD_FRONT.aws_cloudfront_response_headers_policy.security_headers_policy",
            "module.CLOUD_FRONT.aws_s3_bucket.web-bucket",
            "module.CLOUD_FRONT.aws_s3_bucket.web-portal-failover",
            "module.CLOUD_FRONT.aws_s3_bucket_acl.bucket_acl",
            "module.CLOUD_FRONT.aws_s3_bucket_acl.bucket_acl_failover",
            "module.CLOUD_FRONT.aws_s3_bucket_policy.mybucket",
            "module.CLOUD_FRONT.aws_s3_bucket_policy.policy-failover",
            "module.CLOUD_FRONT.aws_s3_bucket_public_access_block.bhsf-mobile-failover-config-access",
            "module.CLOUD_FRONT.aws_s3_bucket_public_access_block.web-bucket-access",
            "module.CLOUD_FRONT.aws_s3_bucket_website_configuration.website_configuration",
            "module.CLOUD_FRONT.data.aws_cloudfront_cache_policy.caching-optimized",
            "module.CLOUD_FRONT.data.aws_iam_policy_document.s3_policy",
            "module.CLOUD_FRONT.data.aws_iam_policy_document.s3_policy-failover",
            "module.CODE-BUILD.aws_iam_policy.pipeline-policy",
            "module.CODE-BUILD.aws_iam_role.pipeline-roles",
            "module.CODE-BUILD.aws_s3_bucket.s3-log-bucket"
          ]
        }
      ]
    },
    {
      "module": "module.CODE-BUILD",
      "mode": "managed",
      "type": "aws_iam_policy",
      "name": "CodeBuildBasePolicy",
      "provider": "provider[\"registry.terraform.io/hashicorp/aws\"]",
      "instances": [
        {
          "schema_version": 0,
          "attributes": {
            "arn": "arn:aws:iam::084165404291:policy/service-role/CodeBuildBasePolicy-la-taqueria-prod-us-west-2",
            "description": "Policy used in trust relationship with CodeBuild",
            "id": "arn:aws:iam::084165404291:policy/service-role/CodeBuildBasePolicy-la-taqueria-prod-us-west-2",
            "name": "CodeBuildBasePolicy-la-taqueria-prod-us-west-2",
            "name_prefix": "",
            "path": "/service-role/",
            "policy": "{\"Statement\":[{\"Action\":[\"logs:CreateLogGroup\",\"logs:CreateLogStream\",\"logs:PutLogEvents\"],\"Effect\":\"Allow\",\"Resource\":[\"arn:aws:logs:us-west-2:084165404291:log-group:/aws/codebuild/la-taqueria-prod\",\"arn:aws:logs:us-west-2:084165404291:log-group:/aws/codebuild/la-taqueria-prod:*\",\"arn:aws:logs:*:084165404291:log-group:*:log-stream:*\"]},{\"Action\":[\"s3:PutObject\",\"s3:GetObject\",\"s3:GetObjectVersion\",\"s3:GetBucketAcl\",\"s3:GetBucketLocation\"],\"Effect\":\"Allow\",\"Resource\":[\"arn:aws:s3:::codepipeline-log-la-taqueria-us-west-2-prod\",\"arn:aws:s3:::codepipeline-log-la-taqueria-us-west-2-prod/*\"]},{\"Action\":[\"codebuild:CreateReportGroup\",\"codebuild:CreateReport\",\"codebuild:UpdateReport\",\"codebuild:BatchPutTestCases\",\"codebuild:BatchPutCodeCoverages\"],\"Effect\":\"Allow\",\"Resource\":[\"arn:aws:logs:*:084165404291:log-group:*\",\"arn:aws:codebuild:us-west-2:084165404291:report-group/la-taqueria-prod-*\"]},{\"Action\":[\"codeartifact:ReadFromRepository\",\"codeartifact:GetAuthorizationToken\",\"sts:GetServiceBearerToken\"],\"Effect\":\"Allow\",\"Resource\":[\"*\"]},{\"Action\":[\"cloudfront:CreateInvalidation\"],\"Effect\":\"Allow\",\"Resource\":[\"*\"]}],\"Version\":\"2012-10-17\"}",
            "policy_id": "ANPARHGFGE2B35COXBJY2",
            "tags": {},
            "tags_all": {
              "application-name": "neo-terraform-ecs"
            }
          },
          "sensitive_attributes": [],
          "private": "bnVsbA==",
          "dependencies": [
            "module.CLOUD_FRONT.aws_cloudfront_distribution.s3_distribution",
            "module.CLOUD_FRONT.aws_cloudfront_origin_access_identity.origin_access_identity",
            "module.CLOUD_FRONT.aws_cloudfront_origin_access_identity.origin_access_identity-failover",
            "module.CLOUD_FRONT.aws_cloudfront_response_headers_policy.security_headers_policy",
            "module.CLOUD_FRONT.aws_s3_bucket.web-bucket",
            "module.CLOUD_FRONT.aws_s3_bucket.web-portal-failover",
            "module.CLOUD_FRONT.aws_s3_bucket_acl.bucket_acl",
            "module.CLOUD_FRONT.aws_s3_bucket_acl.bucket_acl_failover",
            "module.CLOUD_FRONT.aws_s3_bucket_policy.mybucket",
            "module.CLOUD_FRONT.aws_s3_bucket_policy.policy-failover",
            "module.CLOUD_FRONT.aws_s3_bucket_public_access_block.bhsf-mobile-failover-config-access",
            "module.CLOUD_FRONT.aws_s3_bucket_public_access_block.web-bucket-access",
            "module.CLOUD_FRONT.aws_s3_bucket_website_configuration.website_configuration",
            "module.CLOUD_FRONT.data.aws_cloudfront_cache_policy.caching-optimized",
            "module.CLOUD_FRONT.data.aws_iam_policy_document.s3_policy",
            "module.CLOUD_FRONT.data.aws_iam_policy_document.s3_policy-failover",
            "module.CODE-BUILD.aws_s3_bucket.s3-log-bucket"
          ]
        }
      ]
    },
    {
      "module": "module.CODE-BUILD",
      "mode": "managed",
      "type": "aws_iam_policy",
      "name": "pipeline-policy",
      "provider": "provider[\"registry.terraform.io/hashicorp/aws\"]",
      "instances": [
        {
          "schema_version": 0,
          "attributes": {
            "arn": "arn:aws:iam::084165404291:policy/service-role/AWSCodePipelineServiceRole-us-west-2-la-taqueria-prod",
            "description": "Policy used in trust relationship with CodePipeline",
            "id": "arn:aws:iam::084165404291:policy/service-role/AWSCodePipelineServiceRole-us-west-2-la-taqueria-prod",
            "name": "AWSCodePipelineServiceRole-us-west-2-la-taqueria-prod",
            "name_prefix": "",
            "path": "/service-role/",
            "policy": "{\"Statement\":[{\"Action\":[\"iam:PassRole\"],\"Condition\":{\"StringEqualsIfExists\":{\"iam:PassedToService\":[\"cloudformation.amazonaws.com\",\"elasticbeanstalk.amazonaws.com\",\"ec2.amazonaws.com\",\"ecs-tasks.amazonaws.com\"]}},\"Effect\":\"Allow\",\"Resource\":\"*\"},{\"Action\":[\"codecommit:CancelUploadArchive\",\"codecommit:GetBranch\",\"codecommit:GetCommit\",\"codecommit:GetRepository\",\"codecommit:GetUploadArchiveStatus\",\"codecommit:UploadArchive\"],\"Effect\":\"Allow\",\"Resource\":\"*\"},{\"Action\":[\"codedeploy:CreateDeployment\",\"codedeploy:GetApplication\",\"codedeploy:GetApplicationRevision\",\"codedeploy:GetDeployment\",\"codedeploy:GetDeploymentConfig\",\"codedeploy:RegisterApplicationRevision\"],\"Effect\":\"Allow\",\"Resource\":\"*\"},{\"Action\":[\"codestar-connections:UseConnection\"],\"Effect\":\"Allow\",\"Resource\":\"*\"},{\"Action\":[\"elasticbeanstalk:*\",\"ec2:*\",\"elasticloadbalancing:*\",\"autoscaling:*\",\"cloudwatch:*\",\"s3:*\",\"sns:*\",\"cloudformation:*\",\"rds:*\",\"sqs:*\",\"ecs:*\"],\"Effect\":\"Allow\",\"Resource\":\"*\"},{\"Action\":[\"lambda:InvokeFunction\",\"lambda:ListFunctions\"],\"Effect\":\"Allow\",\"Resource\":\"*\"},{\"Action\":[\"opsworks:CreateDeployment\",\"opsworks:DescribeApps\",\"opsworks:DescribeCommands\",\"opsworks:DescribeDeployments\",\"opsworks:DescribeInstances\",\"opsworks:DescribeStacks\",\"opsworks:UpdateApp\",\"opsworks:UpdateStack\"],\"Effect\":\"Allow\",\"Resource\":\"*\"},{\"Action\":[\"cloudformation:CreateStack\",\"cloudformation:DeleteStack\",\"cloudformation:DescribeStacks\",\"cloudformation:UpdateStack\",\"cloudformation:CreateChangeSet\",\"cloudformation:DeleteChangeSet\",\"cloudformation:DescribeChangeSet\",\"cloudformation:ExecuteChangeSet\",\"cloudformation:SetStackPolicy\",\"cloudformation:ValidateTemplate\"],\"Effect\":\"Allow\",\"Resource\":\"*\"},{\"Action\":[\"codebuild:BatchGetBuilds\",\"codebuild:StartBuild\",\"codebuild:BatchGetBuildBatches\",\"codebuild:StartBuildBatch\"],\"Effect\":\"Allow\",\"Resource\":\"*\"},{\"Action\":[\"devicefarm:ListProjects\",\"devicefarm:ListDevicePools\",\"devicefarm:GetRun\",\"devicefarm:GetUpload\",\"devicefarm:CreateUpload\",\"devicefarm:ScheduleRun\"],\"Effect\":\"Allow\",\"Resource\":\"*\"},{\"Action\":[\"servicecatalog:ListProvisioningArtifacts\",\"servicecatalog:CreateProvisioningArtifact\",\"servicecatalog:DescribeProvisioningArtifact\",\"servicecatalog:DeleteProvisioningArtifact\",\"servicecatalog:UpdateProduct\"],\"Effect\":\"Allow\",\"Resource\":\"*\"},{\"Action\":[\"cloudformation:ValidateTemplate\"],\"Effect\":\"Allow\",\"Resource\":\"*\"},{\"Action\":[\"ecr:DescribeImages\"],\"Effect\":\"Allow\",\"Resource\":\"*\"},{\"Action\":[\"states:DescribeExecution\",\"states:DescribeStateMachine\",\"states:StartExecution\"],\"Effect\":\"Allow\",\"Resource\":\"*\"},{\"Action\":[\"appconfig:StartDeployment\",\"appconfig:StopDeployment\",\"appconfig:GetDeployment\"],\"Effect\":\"Allow\",\"Resource\":\"*\"},{\"Action\":[\"codepipeline:StartPipelineExecution\"],\"Effect\":\"Allow\",\"Resource\":\"*\"}],\"Version\":\"2012-10-17\"}",
            "policy_id": "ANPARHGFGE2BXRZ5BMOIE",
            "tags": {},
            "tags_all": {
              "application-name": "neo-terraform-ecs"
            }
          },
          "sensitive_attributes": [],
          "private": "bnVsbA==",
          "dependencies": [
            "module.CLOUD_FRONT.aws_cloudfront_distribution.s3_distribution",
            "module.CLOUD_FRONT.aws_cloudfront_origin_access_identity.origin_access_identity",
            "module.CLOUD_FRONT.aws_cloudfront_origin_access_identity.origin_access_identity-failover",
            "module.CLOUD_FRONT.aws_cloudfront_response_headers_policy.security_headers_policy",
            "module.CLOUD_FRONT.aws_s3_bucket.web-bucket",
            "module.CLOUD_FRONT.aws_s3_bucket.web-portal-failover",
            "module.CLOUD_FRONT.aws_s3_bucket_acl.bucket_acl",
            "module.CLOUD_FRONT.aws_s3_bucket_acl.bucket_acl_failover",
            "module.CLOUD_FRONT.aws_s3_bucket_policy.mybucket",
            "module.CLOUD_FRONT.aws_s3_bucket_policy.policy-failover",
            "module.CLOUD_FRONT.aws_s3_bucket_public_access_block.bhsf-mobile-failover-config-access",
            "module.CLOUD_FRONT.aws_s3_bucket_public_access_block.web-bucket-access",
            "module.CLOUD_FRONT.aws_s3_bucket_website_configuration.website_configuration",
            "module.CLOUD_FRONT.data.aws_cloudfront_cache_policy.caching-optimized",
            "module.CLOUD_FRONT.data.aws_iam_policy_document.s3_policy",
            "module.CLOUD_FRONT.data.aws_iam_policy_document.s3_policy-failover"
          ]
        }
      ]
    },
    {
      "module": "module.CODE-BUILD",
      "mode": "managed",
      "type": "aws_iam_role",
      "name": "codebuild-role",
      "provider": "provider[\"registry.terraform.io/hashicorp/aws\"]",
      "instances": [
        {
          "schema_version": 0,
          "attributes": {
            "arn": "arn:aws:iam::084165404291:role/service-role/codebuild-la-taqueria-prod-service-role",
            "assume_role_policy": "{\"Statement\":[{\"Action\":\"sts:AssumeRole\",\"Effect\":\"Allow\",\"Principal\":{\"Service\":\"codebuild.amazonaws.com\"}}],\"Version\":\"2012-10-17\"}",
            "create_date": "2023-04-24T23:55:01Z",
            "description": "",
            "force_detach_policies": false,
            "id": "codebuild-la-taqueria-prod-service-role",
            "inline_policy": [],
            "managed_policy_arns": [
              "arn:aws:iam::084165404291:policy/service-role/AWSCodePipelineServiceRole-us-west-2-la-taqueria-prod",
              "arn:aws:iam::084165404291:policy/service-role/CodeBuildBasePolicy-la-taqueria-prod-us-west-2",
              "arn:aws:iam::aws:policy/AmazonS3FullAccess",
              "arn:aws:iam::aws:policy/AmazonSSMReadOnlyAccess"
            ],
            "max_session_duration": 3600,
            "name": "codebuild-la-taqueria-prod-service-role",
            "name_prefix": "",
            "path": "/service-role/",
            "permissions_boundary": null,
            "role_last_used": [
              {
                "last_used_date": "2023-04-26T04:45:36Z",
                "region": "us-west-2"
              }
            ],
            "tags": {},
            "tags_all": {
              "application-name": "neo-terraform-ecs"
            },
            "unique_id": "AROARHGFGE2BUUQTO2LVO"
          },
          "sensitive_attributes": [],
          "private": "bnVsbA==",
          "dependencies": [
            "module.CLOUD_FRONT.aws_cloudfront_distribution.s3_distribution",
            "module.CLOUD_FRONT.aws_cloudfront_origin_access_identity.origin_access_identity",
            "module.CLOUD_FRONT.aws_cloudfront_origin_access_identity.origin_access_identity-failover",
            "module.CLOUD_FRONT.aws_cloudfront_response_headers_policy.security_headers_policy",
            "module.CLOUD_FRONT.aws_s3_bucket.web-bucket",
            "module.CLOUD_FRONT.aws_s3_bucket.web-portal-failover",
            "module.CLOUD_FRONT.aws_s3_bucket_acl.bucket_acl",
            "module.CLOUD_FRONT.aws_s3_bucket_acl.bucket_acl_failover",
            "module.CLOUD_FRONT.aws_s3_bucket_policy.mybucket",
            "module.CLOUD_FRONT.aws_s3_bucket_policy.policy-failover",
            "module.CLOUD_FRONT.aws_s3_bucket_public_access_block.bhsf-mobile-failover-config-access",
            "module.CLOUD_FRONT.aws_s3_bucket_public_access_block.web-bucket-access",
            "module.CLOUD_FRONT.aws_s3_bucket_website_configuration.website_configuration",
            "module.CLOUD_FRONT.data.aws_cloudfront_cache_policy.caching-optimized",
            "module.CLOUD_FRONT.data.aws_iam_policy_document.s3_policy",
            "module.CLOUD_FRONT.data.aws_iam_policy_document.s3_policy-failover",
            "module.CODE-BUILD.aws_iam_policy.CodeBuildBasePolicy",
            "module.CODE-BUILD.aws_iam_policy.pipeline-policy",
            "module.CODE-BUILD.aws_s3_bucket.s3-log-bucket"
          ]
        }
      ]
    },
    {
      "module": "module.CODE-BUILD",
      "mode": "managed",
      "type": "aws_iam_role",
      "name": "pipeline-roles",
      "provider": "provider[\"registry.terraform.io/hashicorp/aws\"]",
      "instances": [
        {
          "schema_version": 0,
          "attributes": {
            "arn": "arn:aws:iam::084165404291:role/service-role/AWSCodePipelineServiceRole-us-west-2-la-taqueria-prod",
            "assume_role_policy": "{\"Statement\":[{\"Action\":\"sts:AssumeRole\",\"Effect\":\"Allow\",\"Principal\":{\"Service\":\"codepipeline.amazonaws.com\"}}],\"Version\":\"2012-10-17\"}",
            "create_date": "2023-04-24T23:55:01Z",
            "description": "",
            "force_detach_policies": false,
            "id": "AWSCodePipelineServiceRole-us-west-2-la-taqueria-prod",
            "inline_policy": [],
            "managed_policy_arns": [
              "arn:aws:iam::084165404291:policy/service-role/AWSCodePipelineServiceRole-us-west-2-la-taqueria-prod",
              "arn:aws:iam::aws:policy/AWSCodePipeline_FullAccess"
            ],
            "max_session_duration": 3600,
            "name": "AWSCodePipelineServiceRole-us-west-2-la-taqueria-prod",
            "name_prefix": "",
            "path": "/service-role/",
            "permissions_boundary": null,
            "role_last_used": [
              {
                "last_used_date": "2023-04-26T04:45:44Z",
                "region": "us-west-2"
              }
            ],
            "tags": {},
            "tags_all": {
              "application-name": "neo-terraform-ecs"
            },
            "unique_id": "AROARHGFGE2B3QXB7FP36"
          },
          "sensitive_attributes": [],
          "private": "bnVsbA==",
          "dependencies": [
            "module.CLOUD_FRONT.aws_cloudfront_distribution.s3_distribution",
            "module.CLOUD_FRONT.aws_cloudfront_origin_access_identity.origin_access_identity",
            "module.CLOUD_FRONT.aws_cloudfront_origin_access_identity.origin_access_identity-failover",
            "module.CLOUD_FRONT.aws_cloudfront_response_headers_policy.security_headers_policy",
            "module.CLOUD_FRONT.aws_s3_bucket.web-bucket",
            "module.CLOUD_FRONT.aws_s3_bucket.web-portal-failover",
            "module.CLOUD_FRONT.aws_s3_bucket_acl.bucket_acl",
            "module.CLOUD_FRONT.aws_s3_bucket_acl.bucket_acl_failover",
            "module.CLOUD_FRONT.aws_s3_bucket_policy.mybucket",
            "module.CLOUD_FRONT.aws_s3_bucket_policy.policy-failover",
            "module.CLOUD_FRONT.aws_s3_bucket_public_access_block.bhsf-mobile-failover-config-access",
            "module.CLOUD_FRONT.aws_s3_bucket_public_access_block.web-bucket-access",
            "module.CLOUD_FRONT.aws_s3_bucket_website_configuration.website_configuration",
            "module.CLOUD_FRONT.data.aws_cloudfront_cache_policy.caching-optimized",
            "module.CLOUD_FRONT.data.aws_iam_policy_document.s3_policy",
            "module.CLOUD_FRONT.data.aws_iam_policy_document.s3_policy-failover",
            "module.CODE-BUILD.aws_iam_policy.pipeline-policy"
          ]
        }
      ]
    },
    {
      "module": "module.CODE-BUILD",
      "mode": "managed",
      "type": "aws_s3_bucket",
      "name": "s3-log-bucket",
      "provider": "provider[\"registry.terraform.io/hashicorp/aws\"]",
      "instances": [
        {
          "schema_version": 0,
          "attributes": {
            "acceleration_status": "",
            "acl": null,
            "arn": "arn:aws:s3:::codepipeline-log-la-taqueria-us-west-2-prod",
            "bucket": "codepipeline-log-la-taqueria-us-west-2-prod",
            "bucket_domain_name": "codepipeline-log-la-taqueria-us-west-2-prod.s3.amazonaws.com",
            "bucket_prefix": "",
            "bucket_regional_domain_name": "codepipeline-log-la-taqueria-us-west-2-prod.s3.us-west-2.amazonaws.com",
            "cors_rule": [],
            "force_destroy": false,
            "grant": [
              {
                "id": "11de40991e4931d662c40f7ca889d48497e16835ff1147eda79a6ee27920de36",
                "permissions": [
                  "FULL_CONTROL"
                ],
                "type": "CanonicalUser",
                "uri": ""
              }
            ],
            "hosted_zone_id": "Z3BJ6K6RIION7M",
            "id": "codepipeline-log-la-taqueria-us-west-2-prod",
            "lifecycle_rule": [],
            "logging": [],
            "object_lock_configuration": [],
            "object_lock_enabled": false,
            "policy": "",
            "region": "us-west-2",
            "replication_configuration": [],
            "request_payer": "BucketOwner",
            "server_side_encryption_configuration": [
              {
                "rule": [
                  {
                    "apply_server_side_encryption_by_default": [
                      {
                        "kms_master_key_id": "",
                        "sse_algorithm": "AES256"
                      }
                    ],
                    "bucket_key_enabled": false
                  }
                ]
              }
            ],
            "tags": {},
            "tags_all": {
              "application-name": "neo-terraform-ecs"
            },
            "timeouts": null,
            "versioning": [
              {
                "enabled": false,
                "mfa_delete": false
              }
            ],
            "website": [],
            "website_domain": null,
            "website_endpoint": null
          },
          "sensitive_attributes": [],
          "private": "eyJlMmJmYjczMC1lY2FhLTExZTYtOGY4OC0zNDM2M2JjN2M0YzAiOnsiY3JlYXRlIjoxMjAwMDAwMDAwMDAwLCJkZWxldGUiOjM2MDAwMDAwMDAwMDAsInJlYWQiOjEyMDAwMDAwMDAwMDAsInVwZGF0ZSI6MTIwMDAwMDAwMDAwMH19",
          "dependencies": [
            "module.CLOUD_FRONT.aws_cloudfront_distribution.s3_distribution",
            "module.CLOUD_FRONT.aws_cloudfront_origin_access_identity.origin_access_identity",
            "module.CLOUD_FRONT.aws_cloudfront_origin_access_identity.origin_access_identity-failover",
            "module.CLOUD_FRONT.aws_cloudfront_response_headers_policy.security_headers_policy",
            "module.CLOUD_FRONT.aws_s3_bucket.web-bucket",
            "module.CLOUD_FRONT.aws_s3_bucket.web-portal-failover",
            "module.CLOUD_FRONT.aws_s3_bucket_acl.bucket_acl",
            "module.CLOUD_FRONT.aws_s3_bucket_acl.bucket_acl_failover",
            "module.CLOUD_FRONT.aws_s3_bucket_policy.mybucket",
            "module.CLOUD_FRONT.aws_s3_bucket_policy.policy-failover",
            "module.CLOUD_FRONT.aws_s3_bucket_public_access_block.bhsf-mobile-failover-config-access",
            "module.CLOUD_FRONT.aws_s3_bucket_public_access_block.web-bucket-access",
            "module.CLOUD_FRONT.aws_s3_bucket_website_configuration.website_configuration",
            "module.CLOUD_FRONT.data.aws_cloudfront_cache_policy.caching-optimized",
            "module.CLOUD_FRONT.data.aws_iam_policy_document.s3_policy",
            "module.CLOUD_FRONT.data.aws_iam_policy_document.s3_policy-failover"
          ]
        }
      ]
    },
    {
      "module": "module.CODE-BUILD-CACHUTACOS",
      "mode": "managed",
      "type": "aws_codebuild_project",
      "name": "code-compilations",
      "provider": "provider[\"registry.terraform.io/hashicorp/aws\"]",
      "instances": [
        {
          "schema_version": 0,
          "attributes": {
            "arn": "arn:aws:codebuild:us-west-2:084165404291:project/cachutacos-prod",
            "artifacts": [
              {
                "artifact_identifier": "",
                "bucket_owner_access": "",
                "encryption_disabled": false,
                "location": "",
                "name": "",
                "namespace_type": "",
                "override_artifact_name": false,
                "packaging": "",
                "path": "",
                "type": "NO_ARTIFACTS"
              }
            ],
            "badge_enabled": false,
            "badge_url": "",
            "build_batch_config": [],
            "build_timeout": 60,
            "cache": [
              {
                "location": "",
                "modes": [],
                "type": "NO_CACHE"
              }
            ],
            "concurrent_build_limit": 0,
            "description": "",
            "encryption_key": "arn:aws:kms:us-west-2:084165404291:alias/aws/s3",
            "environment": [
              {
                "certificate": "",
                "compute_type": "BUILD_GENERAL1_SMALL",
                "environment_variable": [
                  {
                    "name": "BUCKET_NAME",
                    "type": "PLAINTEXT",
                    "value": "lmk-cachutacos-prod"
                  },
                  {
                    "name": "ENVIRONMENT",
                    "type": "PLAINTEXT",
                    "value": "prod"
                  },
                  {
                    "name": "CLOUDFRONT_ID",
                    "type": "PLAINTEXT",
                    "value": "E3NKK2J8ZPX9UJ"
                  }
                ],
                "image": "aws/codebuild/amazonlinux2-x86_64-standard:4.0",
                "image_pull_credentials_type": "CODEBUILD",
                "privileged_mode": true,
                "registry_credential": [],
                "type": "LINUX_CONTAINER"
              }
            ],
            "file_system_locations": [],
            "id": "arn:aws:codebuild:us-west-2:084165404291:project/cachutacos-prod",
            "logs_config": [
              {
                "cloudwatch_logs": [
                  {
                    "group_name": "",
                    "status": "ENABLED",
                    "stream_name": ""
                  }
                ],
                "s3_logs": [
                  {
                    "bucket_owner_access": "",
                    "encryption_disabled": false,
                    "location": "",
                    "status": "DISABLED"
                  }
                ]
              }
            ],
            "name": "cachutacos-prod",
            "project_visibility": "PRIVATE",
            "public_project_alias": "",
            "queued_timeout": 480,
            "resource_access_role": "",
            "secondary_artifacts": [],
            "secondary_source_version": [],
            "secondary_sources": [],
            "service_role": "arn:aws:iam::084165404291:role/service-role/codebuild-cachutacos-prod-service-role",
            "source": [
              {
                "auth": [],
                "build_status_config": [],
                "buildspec": "buildspec.yml",
                "git_clone_depth": 1,
                "git_submodules_config": [
                  {
                    "fetch_submodules": false
                  }
                ],
                "insecure_ssl": false,
                "location": "https://github.com/KevsAlex/lmk-cachutacos.git",
                "report_build_status": false,
                "type": "GITHUB"
              }
            ],
            "source_version": "refs/heads/master",
            "tags": null,
            "tags_all": {
              "application-name": "neo-terraform-ecs"
            },
            "vpc_config": []
          },
          "sensitive_attributes": [],
          "private": "bnVsbA==",
          "dependencies": [
            "module.CLOUDFRONT_CACHUTACOS.aws_cloudfront_distribution.s3_distribution",
            "module.CLOUDFRONT_CACHUTACOS.aws_cloudfront_origin_access_identity.origin_access_identity",
            "module.CLOUDFRONT_CACHUTACOS.aws_cloudfront_origin_access_identity.origin_access_identity-failover",
            "module.CLOUDFRONT_CACHUTACOS.aws_cloudfront_response_headers_policy.security_headers_policy",
            "module.CLOUDFRONT_CACHUTACOS.aws_s3_bucket.web-bucket",
            "module.CLOUDFRONT_CACHUTACOS.aws_s3_bucket.web-portal-failover",
            "module.CLOUDFRONT_CACHUTACOS.aws_s3_bucket_acl.bucket_acl",
            "module.CLOUDFRONT_CACHUTACOS.aws_s3_bucket_acl.bucket_acl_failover",
            "module.CLOUDFRONT_CACHUTACOS.aws_s3_bucket_policy.mybucket",
            "module.CLOUDFRONT_CACHUTACOS.aws_s3_bucket_policy.policy-failover",
            "module.CLOUDFRONT_CACHUTACOS.aws_s3_bucket_public_access_block.bhsf-mobile-failover-config-access",
            "module.CLOUDFRONT_CACHUTACOS.aws_s3_bucket_public_access_block.web-bucket-access",
            "module.CLOUDFRONT_CACHUTACOS.aws_s3_bucket_website_configuration.website_configuration",
            "module.CLOUDFRONT_CACHUTACOS.data.aws_cloudfront_cache_policy.caching-optimized",
            "module.CLOUDFRONT_CACHUTACOS.data.aws_iam_policy_document.s3_policy",
            "module.CLOUDFRONT_CACHUTACOS.data.aws_iam_policy_document.s3_policy-failover",
            "module.CODE-BUILD-CACHUTACOS.aws_iam_policy.CodeBuildBasePolicy",
            "module.CODE-BUILD-CACHUTACOS.aws_iam_policy.pipeline-policy",
            "module.CODE-BUILD-CACHUTACOS.aws_iam_role.codebuild-role",
            "module.CODE-BUILD-CACHUTACOS.aws_s3_bucket.s3-log-bucket"
          ]
        }
      ]
    },
    {
      "module": "module.CODE-BUILD-CACHUTACOS",
      "mode": "managed",
      "type": "aws_codepipeline",
      "name": "pipeline",
      "provider": "provider[\"registry.terraform.io/hashicorp/aws\"]",
      "instances": [
        {
          "schema_version": 0,
          "attributes": {
            "arn": "arn:aws:codepipeline:us-west-2:084165404291:cachutacos-prod",
            "artifact_store": [
              {
                "encryption_key": [],
                "location": "codepipeline-log-cachutacos-us-west-2-prod",
                "region": "",
                "type": "S3"
              }
            ],
            "id": "cachutacos-prod",
            "name": "cachutacos-prod",
            "role_arn": "arn:aws:iam::084165404291:role/service-role/AWSCodePipelineServiceRole-us-west-2-cachutacos-prod",
            "stage": [
              {
                "action": [
                  {
                    "category": "Source",
                    "configuration": {
                      "BranchName": "master",
                      "ConnectionArn": "arn:aws:codestar-connections:us-east-2:084165404291:connection/4c19e4b8-ad2c-4bc2-9847-09649cf95447",
                      "FullRepositoryId": "KevsAlex/lmk-cachutacos",
                      "OutputArtifactFormat": "CODE_ZIP"
                    },
                    "input_artifacts": null,
                    "name": "Source",
                    "namespace": "",
                    "output_artifacts": [
                      "source_output"
                    ],
                    "owner": "AWS",
                    "provider": "CodeStarSourceConnection",
                    "region": "",
                    "role_arn": "",
                    "run_order": 1,
                    "version": "1"
                  }
                ],
                "name": "Source"
              },
              {
                "action": [
                  {
                    "category": "Build",
                    "configuration": {
                      "ProjectName": "cachutacos-prod"
                    },
                    "input_artifacts": [
                      "source_output"
                    ],
                    "name": "Build",
                    "namespace": "BuildVariables",
                    "output_artifacts": [
                      "BuildArtifact"
                    ],
                    "owner": "AWS",
                    "provider": "CodeBuild",
                    "region": "",
                    "role_arn": "",
                    "run_order": 1,
                    "version": "1"
                  }
                ],
                "name": "Build"
              }
            ],
            "tags": null,
            "tags_all": {
              "application-name": "neo-terraform-ecs"
            }
          },
          "sensitive_attributes": [],
          "private": "bnVsbA==",
          "dependencies": [
            "module.CLOUDFRONT_CACHUTACOS.aws_cloudfront_distribution.s3_distribution",
            "module.CLOUDFRONT_CACHUTACOS.aws_cloudfront_origin_access_identity.origin_access_identity",
            "module.CLOUDFRONT_CACHUTACOS.aws_cloudfront_origin_access_identity.origin_access_identity-failover",
            "module.CLOUDFRONT_CACHUTACOS.aws_cloudfront_response_headers_policy.security_headers_policy",
            "module.CLOUDFRONT_CACHUTACOS.aws_s3_bucket.web-bucket",
            "module.CLOUDFRONT_CACHUTACOS.aws_s3_bucket.web-portal-failover",
            "module.CLOUDFRONT_CACHUTACOS.aws_s3_bucket_acl.bucket_acl",
            "module.CLOUDFRONT_CACHUTACOS.aws_s3_bucket_acl.bucket_acl_failover",
            "module.CLOUDFRONT_CACHUTACOS.aws_s3_bucket_policy.mybucket",
            "module.CLOUDFRONT_CACHUTACOS.aws_s3_bucket_policy.policy-failover",
            "module.CLOUDFRONT_CACHUTACOS.aws_s3_bucket_public_access_block.bhsf-mobile-failover-config-access",
            "module.CLOUDFRONT_CACHUTACOS.aws_s3_bucket_public_access_block.web-bucket-access",
            "module.CLOUDFRONT_CACHUTACOS.aws_s3_bucket_website_configuration.website_configuration",
            "module.CLOUDFRONT_CACHUTACOS.data.aws_cloudfront_cache_policy.caching-optimized",
            "module.CLOUDFRONT_CACHUTACOS.data.aws_iam_policy_document.s3_policy",
            "module.CLOUDFRONT_CACHUTACOS.data.aws_iam_policy_document.s3_policy-failover",
            "module.CODE-BUILD-CACHUTACOS.aws_iam_policy.pipeline-policy",
            "module.CODE-BUILD-CACHUTACOS.aws_iam_role.pipeline-roles",
            "module.CODE-BUILD-CACHUTACOS.aws_s3_bucket.s3-log-bucket"
          ]
        }
      ]
    },
    {
      "module": "module.CODE-BUILD-CACHUTACOS",
      "mode": "managed",
      "type": "aws_iam_policy",
      "name": "CodeBuildBasePolicy",
      "provider": "provider[\"registry.terraform.io/hashicorp/aws\"]",
      "instances": [
        {
          "schema_version": 0,
          "attributes": {
            "arn": "arn:aws:iam::084165404291:policy/service-role/CodeBuildBasePolicy-cachutacos-prod-us-west-2",
            "description": "Policy used in trust relationship with CodeBuild",
            "id": "arn:aws:iam::084165404291:policy/service-role/CodeBuildBasePolicy-cachutacos-prod-us-west-2",
            "name": "CodeBuildBasePolicy-cachutacos-prod-us-west-2",
            "name_prefix": "",
            "path": "/service-role/",
            "policy": "{\"Statement\":[{\"Action\":[\"logs:CreateLogGroup\",\"logs:CreateLogStream\",\"logs:PutLogEvents\"],\"Effect\":\"Allow\",\"Resource\":[\"arn:aws:logs:us-west-2:084165404291:log-group:/aws/codebuild/cachutacos-prod\",\"arn:aws:logs:us-west-2:084165404291:log-group:/aws/codebuild/cachutacos-prod:*\",\"arn:aws:logs:*:084165404291:log-group:*:log-stream:*\"]},{\"Action\":[\"s3:PutObject\",\"s3:GetObject\",\"s3:GetObjectVersion\",\"s3:GetBucketAcl\",\"s3:GetBucketLocation\"],\"Effect\":\"Allow\",\"Resource\":[\"arn:aws:s3:::codepipeline-log-cachutacos-us-west-2-prod\",\"arn:aws:s3:::codepipeline-log-cachutacos-us-west-2-prod/*\"]},{\"Action\":[\"codebuild:CreateReportGroup\",\"codebuild:CreateReport\",\"codebuild:UpdateReport\",\"codebuild:BatchPutTestCases\",\"codebuild:BatchPutCodeCoverages\"],\"Effect\":\"Allow\",\"Resource\":[\"arn:aws:logs:*:084165404291:log-group:*\",\"arn:aws:codebuild:us-west-2:084165404291:report-group/cachutacos-prod-*\"]},{\"Action\":[\"codeartifact:ReadFromRepository\",\"codeartifact:GetAuthorizationToken\",\"sts:GetServiceBearerToken\"],\"Effect\":\"Allow\",\"Resource\":[\"*\"]},{\"Action\":[\"cloudfront:CreateInvalidation\"],\"Effect\":\"Allow\",\"Resource\":[\"*\"]}],\"Version\":\"2012-10-17\"}",
            "policy_id": "ANPARHGFGE2BVFSN7NROC",
            "tags": null,
            "tags_all": {
              "application-name": "neo-terraform-ecs"
            }
          },
          "sensitive_attributes": [],
          "private": "bnVsbA==",
          "dependencies": [
            "module.CLOUDFRONT_CACHUTACOS.aws_cloudfront_distribution.s3_distribution",
            "module.CLOUDFRONT_CACHUTACOS.aws_cloudfront_origin_access_identity.origin_access_identity",
            "module.CLOUDFRONT_CACHUTACOS.aws_cloudfront_origin_access_identity.origin_access_identity-failover",
            "module.CLOUDFRONT_CACHUTACOS.aws_cloudfront_response_headers_policy.security_headers_policy",
            "module.CLOUDFRONT_CACHUTACOS.aws_s3_bucket.web-bucket",
            "module.CLOUDFRONT_CACHUTACOS.aws_s3_bucket.web-portal-failover",
            "module.CLOUDFRONT_CACHUTACOS.aws_s3_bucket_acl.bucket_acl",
            "module.CLOUDFRONT_CACHUTACOS.aws_s3_bucket_acl.bucket_acl_failover",
            "module.CLOUDFRONT_CACHUTACOS.aws_s3_bucket_policy.mybucket",
            "module.CLOUDFRONT_CACHUTACOS.aws_s3_bucket_policy.policy-failover",
            "module.CLOUDFRONT_CACHUTACOS.aws_s3_bucket_public_access_block.bhsf-mobile-failover-config-access",
            "module.CLOUDFRONT_CACHUTACOS.aws_s3_bucket_public_access_block.web-bucket-access",
            "module.CLOUDFRONT_CACHUTACOS.aws_s3_bucket_website_configuration.website_configuration",
            "module.CLOUDFRONT_CACHUTACOS.data.aws_cloudfront_cache_policy.caching-optimized",
            "module.CLOUDFRONT_CACHUTACOS.data.aws_iam_policy_document.s3_policy",
            "module.CLOUDFRONT_CACHUTACOS.data.aws_iam_policy_document.s3_policy-failover",
            "module.CODE-BUILD-CACHUTACOS.aws_s3_bucket.s3-log-bucket"
          ]
        }
      ]
    },
    {
      "module": "module.CODE-BUILD-CACHUTACOS",
      "mode": "managed",
      "type": "aws_iam_policy",
      "name": "pipeline-policy",
      "provider": "provider[\"registry.terraform.io/hashicorp/aws\"]",
      "instances": [
        {
          "schema_version": 0,
          "attributes": {
            "arn": "arn:aws:iam::084165404291:policy/service-role/AWSCodePipelineServiceRole-us-west-2-cachutacos-prod",
            "description": "Policy used in trust relationship with CodePipeline",
            "id": "arn:aws:iam::084165404291:policy/service-role/AWSCodePipelineServiceRole-us-west-2-cachutacos-prod",
            "name": "AWSCodePipelineServiceRole-us-west-2-cachutacos-prod",
            "name_prefix": "",
            "path": "/service-role/",
            "policy": "{\"Statement\":[{\"Action\":[\"iam:PassRole\"],\"Condition\":{\"StringEqualsIfExists\":{\"iam:PassedToService\":[\"cloudformation.amazonaws.com\",\"elasticbeanstalk.amazonaws.com\",\"ec2.amazonaws.com\",\"ecs-tasks.amazonaws.com\"]}},\"Effect\":\"Allow\",\"Resource\":\"*\"},{\"Action\":[\"codecommit:CancelUploadArchive\",\"codecommit:GetBranch\",\"codecommit:GetCommit\",\"codecommit:GetRepository\",\"codecommit:GetUploadArchiveStatus\",\"codecommit:UploadArchive\"],\"Effect\":\"Allow\",\"Resource\":\"*\"},{\"Action\":[\"codedeploy:CreateDeployment\",\"codedeploy:GetApplication\",\"codedeploy:GetApplicationRevision\",\"codedeploy:GetDeployment\",\"codedeploy:GetDeploymentConfig\",\"codedeploy:RegisterApplicationRevision\"],\"Effect\":\"Allow\",\"Resource\":\"*\"},{\"Action\":[\"codestar-connections:UseConnection\"],\"Effect\":\"Allow\",\"Resource\":\"*\"},{\"Action\":[\"elasticbeanstalk:*\",\"ec2:*\",\"elasticloadbalancing:*\",\"autoscaling:*\",\"cloudwatch:*\",\"s3:*\",\"sns:*\",\"cloudformation:*\",\"rds:*\",\"sqs:*\",\"ecs:*\"],\"Effect\":\"Allow\",\"Resource\":\"*\"},{\"Action\":[\"lambda:InvokeFunction\",\"lambda:ListFunctions\"],\"Effect\":\"Allow\",\"Resource\":\"*\"},{\"Action\":[\"opsworks:CreateDeployment\",\"opsworks:DescribeApps\",\"opsworks:DescribeCommands\",\"opsworks:DescribeDeployments\",\"opsworks:DescribeInstances\",\"opsworks:DescribeStacks\",\"opsworks:UpdateApp\",\"opsworks:UpdateStack\"],\"Effect\":\"Allow\",\"Resource\":\"*\"},{\"Action\":[\"cloudformation:CreateStack\",\"cloudformation:DeleteStack\",\"cloudformation:DescribeStacks\",\"cloudformation:UpdateStack\",\"cloudformation:CreateChangeSet\",\"cloudformation:DeleteChangeSet\",\"cloudformation:DescribeChangeSet\",\"cloudformation:ExecuteChangeSet\",\"cloudformation:SetStackPolicy\",\"cloudformation:ValidateTemplate\"],\"Effect\":\"Allow\",\"Resource\":\"*\"},{\"Action\":[\"codebuild:BatchGetBuilds\",\"codebuild:StartBuild\",\"codebuild:BatchGetBuildBatches\",\"codebuild:StartBuildBatch\"],\"Effect\":\"Allow\",\"Resource\":\"*\"},{\"Action\":[\"devicefarm:ListProjects\",\"devicefarm:ListDevicePools\",\"devicefarm:GetRun\",\"devicefarm:GetUpload\",\"devicefarm:CreateUpload\",\"devicefarm:ScheduleRun\"],\"Effect\":\"Allow\",\"Resource\":\"*\"},{\"Action\":[\"servicecatalog:ListProvisioningArtifacts\",\"servicecatalog:CreateProvisioningArtifact\",\"servicecatalog:DescribeProvisioningArtifact\",\"servicecatalog:DeleteProvisioningArtifact\",\"servicecatalog:UpdateProduct\"],\"Effect\":\"Allow\",\"Resource\":\"*\"},{\"Action\":[\"cloudformation:ValidateTemplate\"],\"Effect\":\"Allow\",\"Resource\":\"*\"},{\"Action\":[\"ecr:DescribeImages\"],\"Effect\":\"Allow\",\"Resource\":\"*\"},{\"Action\":[\"states:DescribeExecution\",\"states:DescribeStateMachine\",\"states:StartExecution\"],\"Effect\":\"Allow\",\"Resource\":\"*\"},{\"Action\":[\"appconfig:StartDeployment\",\"appconfig:StopDeployment\",\"appconfig:GetDeployment\"],\"Effect\":\"Allow\",\"Resource\":\"*\"},{\"Action\":[\"codepipeline:StartPipelineExecution\"],\"Effect\":\"Allow\",\"Resource\":\"*\"}],\"Version\":\"2012-10-17\"}",
            "policy_id": "ANPARHGFGE2BWICCNNT6W",
            "tags": null,
            "tags_all": {
              "application-name": "neo-terraform-ecs"
            }
          },
          "sensitive_attributes": [],
          "private": "bnVsbA==",
          "dependencies": [
            "module.CLOUDFRONT_CACHUTACOS.aws_cloudfront_distribution.s3_distribution",
            "module.CLOUDFRONT_CACHUTACOS.aws_cloudfront_origin_access_identity.origin_access_identity",
            "module.CLOUDFRONT_CACHUTACOS.aws_cloudfront_origin_access_identity.origin_access_identity-failover",
            "module.CLOUDFRONT_CACHUTACOS.aws_cloudfront_response_headers_policy.security_headers_policy",
            "module.CLOUDFRONT_CACHUTACOS.aws_s3_bucket.web-bucket",
            "module.CLOUDFRONT_CACHUTACOS.aws_s3_bucket.web-portal-failover",
            "module.CLOUDFRONT_CACHUTACOS.aws_s3_bucket_acl.bucket_acl",
            "module.CLOUDFRONT_CACHUTACOS.aws_s3_bucket_acl.bucket_acl_failover",
            "module.CLOUDFRONT_CACHUTACOS.aws_s3_bucket_policy.mybucket",
            "module.CLOUDFRONT_CACHUTACOS.aws_s3_bucket_policy.policy-failover",
            "module.CLOUDFRONT_CACHUTACOS.aws_s3_bucket_public_access_block.bhsf-mobile-failover-config-access",
            "module.CLOUDFRONT_CACHUTACOS.aws_s3_bucket_public_access_block.web-bucket-access",
            "module.CLOUDFRONT_CACHUTACOS.aws_s3_bucket_website_configuration.website_configuration",
            "module.CLOUDFRONT_CACHUTACOS.data.aws_cloudfront_cache_policy.caching-optimized",
            "module.CLOUDFRONT_CACHUTACOS.data.aws_iam_policy_document.s3_policy",
            "module.CLOUDFRONT_CACHUTACOS.data.aws_iam_policy_document.s3_policy-failover"
          ]
        }
      ]
    },
    {
      "module": "module.CODE-BUILD-CACHUTACOS",
      "mode": "managed",
      "type": "aws_iam_role",
      "name": "codebuild-role",
      "provider": "provider[\"registry.terraform.io/hashicorp/aws\"]",
      "instances": [
        {
          "schema_version": 0,
          "attributes": {
            "arn": "arn:aws:iam::084165404291:role/service-role/codebuild-cachutacos-prod-service-role",
            "assume_role_policy": "{\"Statement\":[{\"Action\":\"sts:AssumeRole\",\"Effect\":\"Allow\",\"Principal\":{\"Service\":\"codebuild.amazonaws.com\"}}],\"Version\":\"2012-10-17\"}",
            "create_date": "2023-05-16T05:00:24Z",
            "description": "",
            "force_detach_policies": false,
            "id": "codebuild-cachutacos-prod-service-role",
            "inline_policy": [],
            "managed_policy_arns": [
              "arn:aws:iam::084165404291:policy/service-role/AWSCodePipelineServiceRole-us-west-2-cachutacos-prod",
              "arn:aws:iam::084165404291:policy/service-role/CodeBuildBasePolicy-cachutacos-prod-us-west-2",
              "arn:aws:iam::aws:policy/AmazonS3FullAccess",
              "arn:aws:iam::aws:policy/AmazonSSMReadOnlyAccess"
            ],
            "max_session_duration": 3600,
            "name": "codebuild-cachutacos-prod-service-role",
            "name_prefix": "",
            "path": "/service-role/",
            "permissions_boundary": null,
            "role_last_used": [
              {
                "last_used_date": "",
                "region": ""
              }
            ],
            "tags": null,
            "tags_all": {
              "application-name": "neo-terraform-ecs"
            },
            "unique_id": "AROARHGFGE2BUYEQUKO3H"
          },
          "sensitive_attributes": [],
          "private": "bnVsbA==",
          "dependencies": [
            "module.CLOUDFRONT_CACHUTACOS.aws_cloudfront_distribution.s3_distribution",
            "module.CLOUDFRONT_CACHUTACOS.aws_cloudfront_origin_access_identity.origin_access_identity",
            "module.CLOUDFRONT_CACHUTACOS.aws_cloudfront_origin_access_identity.origin_access_identity-failover",
            "module.CLOUDFRONT_CACHUTACOS.aws_cloudfront_response_headers_policy.security_headers_policy",
            "module.CLOUDFRONT_CACHUTACOS.aws_s3_bucket.web-bucket",
            "module.CLOUDFRONT_CACHUTACOS.aws_s3_bucket.web-portal-failover",
            "module.CLOUDFRONT_CACHUTACOS.aws_s3_bucket_acl.bucket_acl",
            "module.CLOUDFRONT_CACHUTACOS.aws_s3_bucket_acl.bucket_acl_failover",
            "module.CLOUDFRONT_CACHUTACOS.aws_s3_bucket_policy.mybucket",
            "module.CLOUDFRONT_CACHUTACOS.aws_s3_bucket_policy.policy-failover",
            "module.CLOUDFRONT_CACHUTACOS.aws_s3_bucket_public_access_block.bhsf-mobile-failover-config-access",
            "module.CLOUDFRONT_CACHUTACOS.aws_s3_bucket_public_access_block.web-bucket-access",
            "module.CLOUDFRONT_CACHUTACOS.aws_s3_bucket_website_configuration.website_configuration",
            "module.CLOUDFRONT_CACHUTACOS.data.aws_cloudfront_cache_policy.caching-optimized",
            "module.CLOUDFRONT_CACHUTACOS.data.aws_iam_policy_document.s3_policy",
            "module.CLOUDFRONT_CACHUTACOS.data.aws_iam_policy_document.s3_policy-failover",
            "module.CODE-BUILD-CACHUTACOS.aws_iam_policy.CodeBuildBasePolicy",
            "module.CODE-BUILD-CACHUTACOS.aws_iam_policy.pipeline-policy",
            "module.CODE-BUILD-CACHUTACOS.aws_s3_bucket.s3-log-bucket"
          ]
        }
      ]
    },
    {
      "module": "module.CODE-BUILD-CACHUTACOS",
      "mode": "managed",
      "type": "aws_iam_role",
      "name": "pipeline-roles",
      "provider": "provider[\"registry.terraform.io/hashicorp/aws\"]",
      "instances": [
        {
          "schema_version": 0,
          "attributes": {
            "arn": "arn:aws:iam::084165404291:role/service-role/AWSCodePipelineServiceRole-us-west-2-cachutacos-prod",
            "assume_role_policy": "{\"Statement\":[{\"Action\":\"sts:AssumeRole\",\"Effect\":\"Allow\",\"Principal\":{\"Service\":\"codepipeline.amazonaws.com\"}}],\"Version\":\"2012-10-17\"}",
            "create_date": "2023-05-16T05:00:24Z",
            "description": "",
            "force_detach_policies": false,
            "id": "AWSCodePipelineServiceRole-us-west-2-cachutacos-prod",
            "inline_policy": [],
            "managed_policy_arns": [
              "arn:aws:iam::084165404291:policy/service-role/AWSCodePipelineServiceRole-us-west-2-cachutacos-prod",
              "arn:aws:iam::aws:policy/AWSCodePipeline_FullAccess"
            ],
            "max_session_duration": 3600,
            "name": "AWSCodePipelineServiceRole-us-west-2-cachutacos-prod",
            "name_prefix": "",
            "path": "/service-role/",
            "permissions_boundary": null,
            "role_last_used": [
              {
                "last_used_date": "",
                "region": ""
              }
            ],
            "tags": null,
            "tags_all": {
              "application-name": "neo-terraform-ecs"
            },
            "unique_id": "AROARHGFGE2BTNGXCCOCB"
          },
          "sensitive_attributes": [],
          "private": "bnVsbA==",
          "dependencies": [
            "module.CLOUDFRONT_CACHUTACOS.aws_cloudfront_distribution.s3_distribution",
            "module.CLOUDFRONT_CACHUTACOS.aws_cloudfront_origin_access_identity.origin_access_identity",
            "module.CLOUDFRONT_CACHUTACOS.aws_cloudfront_origin_access_identity.origin_access_identity-failover",
            "module.CLOUDFRONT_CACHUTACOS.aws_cloudfront_response_headers_policy.security_headers_policy",
            "module.CLOUDFRONT_CACHUTACOS.aws_s3_bucket.web-bucket",
            "module.CLOUDFRONT_CACHUTACOS.aws_s3_bucket.web-portal-failover",
            "module.CLOUDFRONT_CACHUTACOS.aws_s3_bucket_acl.bucket_acl",
            "module.CLOUDFRONT_CACHUTACOS.aws_s3_bucket_acl.bucket_acl_failover",
            "module.CLOUDFRONT_CACHUTACOS.aws_s3_bucket_policy.mybucket",
            "module.CLOUDFRONT_CACHUTACOS.aws_s3_bucket_policy.policy-failover",
            "module.CLOUDFRONT_CACHUTACOS.aws_s3_bucket_public_access_block.bhsf-mobile-failover-config-access",
            "module.CLOUDFRONT_CACHUTACOS.aws_s3_bucket_public_access_block.web-bucket-access",
            "module.CLOUDFRONT_CACHUTACOS.aws_s3_bucket_website_configuration.website_configuration",
            "module.CLOUDFRONT_CACHUTACOS.data.aws_cloudfront_cache_policy.caching-optimized",
            "module.CLOUDFRONT_CACHUTACOS.data.aws_iam_policy_document.s3_policy",
            "module.CLOUDFRONT_CACHUTACOS.data.aws_iam_policy_document.s3_policy-failover",
            "module.CODE-BUILD-CACHUTACOS.aws_iam_policy.pipeline-policy"
          ]
        }
      ]
    },
    {
      "module": "module.CODE-BUILD-CACHUTACOS",
      "mode": "managed",
      "type": "aws_s3_bucket",
      "name": "s3-log-bucket",
      "provider": "provider[\"registry.terraform.io/hashicorp/aws\"]",
      "instances": [
        {
          "schema_version": 0,
          "attributes": {
            "acceleration_status": "",
            "acl": null,
            "arn": "arn:aws:s3:::codepipeline-log-cachutacos-us-west-2-prod",
            "bucket": "codepipeline-log-cachutacos-us-west-2-prod",
            "bucket_domain_name": "codepipeline-log-cachutacos-us-west-2-prod.s3.amazonaws.com",
            "bucket_prefix": "",
            "bucket_regional_domain_name": "codepipeline-log-cachutacos-us-west-2-prod.s3.us-west-2.amazonaws.com",
            "cors_rule": [],
            "force_destroy": false,
            "grant": [
              {
                "id": "11de40991e4931d662c40f7ca889d48497e16835ff1147eda79a6ee27920de36",
                "permissions": [
                  "FULL_CONTROL"
                ],
                "type": "CanonicalUser",
                "uri": ""
              }
            ],
            "hosted_zone_id": "Z3BJ6K6RIION7M",
            "id": "codepipeline-log-cachutacos-us-west-2-prod",
            "lifecycle_rule": [],
            "logging": [],
            "object_lock_configuration": [],
            "object_lock_enabled": false,
            "policy": "",
            "region": "us-west-2",
            "replication_configuration": [],
            "request_payer": "BucketOwner",
            "server_side_encryption_configuration": [
              {
                "rule": [
                  {
                    "apply_server_side_encryption_by_default": [
                      {
                        "kms_master_key_id": "",
                        "sse_algorithm": "AES256"
                      }
                    ],
                    "bucket_key_enabled": false
                  }
                ]
              }
            ],
            "tags": {},
            "tags_all": {
              "application-name": "neo-terraform-ecs"
            },
            "timeouts": null,
            "versioning": [
              {
                "enabled": false,
                "mfa_delete": false
              }
            ],
            "website": [],
            "website_domain": null,
            "website_endpoint": null
          },
          "sensitive_attributes": [],
          "private": "eyJlMmJmYjczMC1lY2FhLTExZTYtOGY4OC0zNDM2M2JjN2M0YzAiOnsiY3JlYXRlIjoxMjAwMDAwMDAwMDAwLCJkZWxldGUiOjM2MDAwMDAwMDAwMDAsInJlYWQiOjEyMDAwMDAwMDAwMDAsInVwZGF0ZSI6MTIwMDAwMDAwMDAwMH19",
          "dependencies": [
            "module.CLOUDFRONT_CACHUTACOS.aws_cloudfront_distribution.s3_distribution",
            "module.CLOUDFRONT_CACHUTACOS.aws_cloudfront_origin_access_identity.origin_access_identity",
            "module.CLOUDFRONT_CACHUTACOS.aws_cloudfront_origin_access_identity.origin_access_identity-failover",
            "module.CLOUDFRONT_CACHUTACOS.aws_cloudfront_response_headers_policy.security_headers_policy",
            "module.CLOUDFRONT_CACHUTACOS.aws_s3_bucket.web-bucket",
            "module.CLOUDFRONT_CACHUTACOS.aws_s3_bucket.web-portal-failover",
            "module.CLOUDFRONT_CACHUTACOS.aws_s3_bucket_acl.bucket_acl",
            "module.CLOUDFRONT_CACHUTACOS.aws_s3_bucket_acl.bucket_acl_failover",
            "module.CLOUDFRONT_CACHUTACOS.aws_s3_bucket_policy.mybucket",
            "module.CLOUDFRONT_CACHUTACOS.aws_s3_bucket_policy.policy-failover",
            "module.CLOUDFRONT_CACHUTACOS.aws_s3_bucket_public_access_block.bhsf-mobile-failover-config-access",
            "module.CLOUDFRONT_CACHUTACOS.aws_s3_bucket_public_access_block.web-bucket-access",
            "module.CLOUDFRONT_CACHUTACOS.aws_s3_bucket_website_configuration.website_configuration",
            "module.CLOUDFRONT_CACHUTACOS.data.aws_cloudfront_cache_policy.caching-optimized",
            "module.CLOUDFRONT_CACHUTACOS.data.aws_iam_policy_document.s3_policy",
            "module.CLOUDFRONT_CACHUTACOS.data.aws_iam_policy_document.s3_policy-failover"
          ]
        }
      ]
    }
  ],
  "check_results": null
}
